Microsoft Visual Studio Solution File, Format Version 12.00
# Visual Studio Version 17
VisualStudioVersion = 17.0.31314.256
MinimumVisualStudioVersion = 10.0.40219.1
Project("{2150E333-8FDC-42A3-9474-1A3956D46DE8}") = "Automation", "Automation", "{0BFBE63A-B98A-3411-8EEB-8918FEC737B3}"
EndProject
Project("{2150E333-8FDC-42A3-9474-1A3956D46DE8}") = "Engine", "Engine", "{233774A8-CC9D-3FA9-86D1-90573E92B704}"
EndProject
Project("{2150E333-8FDC-42A3-9474-1A3956D46DE8}") = "Games", "Games", "{DE1F8B53-6C02-3C13-9101-A7C8D96F3FF6}"
EndProject
Project("{2150E333-8FDC-42A3-9474-1A3956D46DE8}") = "Programs", "Programs", "{A338B9E2-A559-34BE-A46D-F789DD488FAD}"
EndProject
Project("{2150E333-8FDC-42A3-9474-1A3956D46DE8}") = "Rules", "Rules", "{C2F57ECE-B26F-39D8-BDA7-C1D40BD8F180}"
EndProject
Project("{2150E333-8FDC-42A3-9474-1A3956D46DE8}") = "Shared", "Shared", "{57713676-9DBE-331C-AD10-26632AC9EE0C}"
EndProject
Project("{2150E333-8FDC-42A3-9474-1A3956D46DE8}") = "UnrealBuildTool.Plugins", "UnrealBuildTool.Plugins", "{7B5CFB44-F0FB-31DF-AE62-C3C096A29A7B}"
EndProject
Project("{8BC9CEB8-8B4A-11D0-8D11-00A0C91BC942}") = "UEGame", "Intermediate\ProjectFiles\UEGame.vcxproj", "{4C7F1C8F-B64C-31C8-9AB0-A401C64EA4DE}"
	ProjectSection(ProjectDependencies) = postProject
		{6C9C9930-8C63-30CA-ADB7-A2553F28F88E} = {6C9C9930-8C63-30CA-ADB7-A2553F28F88E}
	EndProjectSection
	ProjectSection(ProjectDependencies) = postProject
		{C362F347-D4A4-4D3C-892A-25876EA1BB24} = {C362F347-D4A4-4D3C-892A-25876EA1BB24}
		{2317EFE8-D649-46D0-A7FB-443606C644D6} = {2317EFE8-D649-46D0-A7FB-443606C644D6}
		{D86EB3AC-237E-4B1B-B985-F31A225A042F} = {D86EB3AC-237E-4B1B-B985-F31A225A042F}
	EndProjectSection
EndProject
Project("{8BC9CEB8-8B4A-11D0-8D11-00A0C91BC942}") = "UE5", "Intermediate\ProjectFiles\UE5.vcxproj", "{C7F7314E-8451-3B01-9215-C0D2BEF728FD}"
EndProject
Project("{FAE04EC0-301F-11D3-BF4B-00C04F79EFBC}") = "UnrealBuildTool", "..\..\..\..\..\Program Files\Epic Games\UE_5.3\Engine\Source\Programs\UnrealBuildTool\UnrealBuildTool.csproj", "{6C9C9930-8C63-30CA-ADB7-A2553F28F88E}"
EndProject
Project("{FAE04EC0-301F-11D3-BF4B-00C04F79EFBC}") = "AutomationTool", "..\..\..\..\..\Program Files\Epic Games\UE_5.3\Engine\Source\Programs\AutomationTool\AutomationTool.csproj", "{F49175E2-2DA9-3BE4-A294-09036B14C939}"
EndProject
Project("{FAE04EC0-301F-11D3-BF4B-00C04F79EFBC}") = "Android.Automation", "..\..\..\..\..\Program Files\Epic Games\UE_5.3\Engine\Source\Programs\AutomationTool\Android\Android.Automation.csproj", "{D2167E7B-46D0-3A3A-89CF-470B3451A78A}"
EndProject
Project("{FAE04EC0-301F-11D3-BF4B-00C04F79EFBC}") = "Apple.Automation", "..\..\..\..\..\Program Files\Epic Games\UE_5.3\Engine\Source\Programs\AutomationTool\Apple\Apple.Automation.csproj", "{E5FE7564-05F7-3FE7-BC28-5486A85DAB8D}"
EndProject
Project("{FAE04EC0-301F-11D3-BF4B-00C04F79EFBC}") = "AutomationUtils.Automation", "..\..\..\..\..\Program Files\Epic Games\UE_5.3\Engine\Source\Programs\AutomationTool\AutomationUtils\AutomationUtils.Automation.csproj", "{3CD7AE0B-FF43-33AC-A4BC-402411DC164E}"
EndProject
Project("{FAE04EC0-301F-11D3-BF4B-00C04F79EFBC}") = "BuildGraph.Automation", "..\..\..\..\..\Program Files\Epic Games\UE_5.3\Engine\Source\Programs\AutomationTool\BuildGraph\BuildGraph.Automation.csproj", "{316F42BE-0F93-3D4B-AB99-91E88794162E}"
EndProject
Project("{FAE04EC0-301F-11D3-BF4B-00C04F79EFBC}") = "CookedEditor.Automation", "..\..\..\..\..\Program Files\Epic Games\UE_5.3\Engine\Source\Programs\AutomationTool\CookedEditor\CookedEditor.Automation.csproj", "{8CD50A20-606B-3BA4-BB02-3B5F1E6854C1}"
EndProject
Project("{FAE04EC0-301F-11D3-BF4B-00C04F79EFBC}") = "CrowdinLocalization.Automation", "..\..\..\..\..\Program Files\Epic Games\UE_5.3\Engine\Source\Programs\AutomationTool\CrowdinLocalization\CrowdinLocalization.Automation.csproj", "{50F0ECF8-C34A-3216-AED5-ED96F1B9A94F}"
EndProject
Project("{FAE04EC0-301F-11D3-BF4B-00C04F79EFBC}") = "Gauntlet.Automation", "..\..\..\..\..\Program Files\Epic Games\UE_5.3\Engine\Source\Programs\AutomationTool\Gauntlet\Gauntlet.Automation.csproj", "{EC29A6EE-F53E-3C25-AA72-6DC68B239812}"
EndProject
Project("{FAE04EC0-301F-11D3-BF4B-00C04F79EFBC}") = "IOS.Automation", "..\..\..\..\..\Program Files\Epic Games\UE_5.3\Engine\Source\Programs\AutomationTool\IOS\IOS.Automation.csproj", "{DE7B096C-EE59-3A48-890F-21B0AFE2F12E}"
EndProject
Project("{FAE04EC0-301F-11D3-BF4B-00C04F79EFBC}") = "Linux.Automation", "..\..\..\..\..\Program Files\Epic Games\UE_5.3\Engine\Source\Programs\AutomationTool\Linux\Linux.Automation.csproj", "{C8304DD6-E8ED-3E5B-B874-B28BC8EA3017}"
EndProject
Project("{FAE04EC0-301F-11D3-BF4B-00C04F79EFBC}") = "Localization.Automation", "..\..\..\..\..\Program Files\Epic Games\UE_5.3\Engine\Source\Programs\AutomationTool\Localization\Localization.Automation.csproj", "{312D365B-8A3B-3D7C-9137-4A2EEC5EC7B4}"
EndProject
Project("{FAE04EC0-301F-11D3-BF4B-00C04F79EFBC}") = "LowLevelTests.Automation", "..\..\..\..\..\Program Files\Epic Games\UE_5.3\Engine\Source\Programs\AutomationTool\LowLevelTests\LowLevelTests.Automation.csproj", "{19A6F546-831D-3618-A0C5-822922D74585}"
EndProject
Project("{FAE04EC0-301F-11D3-BF4B-00C04F79EFBC}") = "Mac.Automation", "..\..\..\..\..\Program Files\Epic Games\UE_5.3\Engine\Source\Programs\AutomationTool\Mac\Mac.Automation.csproj", "{4240FC32-BBE5-3027-8A30-39191BAB8309}"
EndProject
Project("{FAE04EC0-301F-11D3-BF4B-00C04F79EFBC}") = "OneSkyLocalization.Automation", "..\..\..\..\..\Program Files\Epic Games\UE_5.3\Engine\Source\Programs\AutomationTool\OneSkyLocalization\OneSkyLocalization.Automation.csproj", "{72062771-41F8-3F5F-8805-91B06586EBCC}"
EndProject
Project("{FAE04EC0-301F-11D3-BF4B-00C04F79EFBC}") = "AutomationScripts.Automation", "..\..\..\..\..\Program Files\Epic Games\UE_5.3\Engine\Source\Programs\AutomationTool\Scripts\AutomationScripts.Automation.csproj", "{565311A3-D8A0-321C-8489-0A2AE7BD9577}"
EndProject
Project("{FAE04EC0-301F-11D3-BF4B-00C04F79EFBC}") = "SmartlingLocalization.Automation", "..\..\..\..\..\Program Files\Epic Games\UE_5.3\Engine\Source\Programs\AutomationTool\SmartlingLocalization\SmartlingLocalization.Automation.csproj", "{2E275607-06C3-3569-AD26-0D9FC55BAAA6}"
EndProject
Project("{FAE04EC0-301F-11D3-BF4B-00C04F79EFBC}") = "SteamDeck.Automation", "..\..\..\..\..\Program Files\Epic Games\UE_5.3\Engine\Source\Programs\AutomationTool\SteamDeck\SteamDeck.Automation.csproj", "{498B04F4-C8F4-3EE4-B3EB-718A0143FF48}"
EndProject
Project("{FAE04EC0-301F-11D3-BF4B-00C04F79EFBC}") = "TVOS.Automation", "..\..\..\..\..\Program Files\Epic Games\UE_5.3\Engine\Source\Programs\AutomationTool\TVOS\TVOS.Automation.csproj", "{54918CF2-59EA-36A1-AAB0-5B2A9E6FEBFB}"
EndProject
Project("{FAE04EC0-301F-11D3-BF4B-00C04F79EFBC}") = "Turnkey.Automation", "..\..\..\..\..\Program Files\Epic Games\UE_5.3\Engine\Source\Programs\AutomationTool\Turnkey\Turnkey.Automation.csproj", "{7FD1A848-BCD5-36D6-9688-5868C4259B14}"
EndProject
Project("{FAE04EC0-301F-11D3-BF4B-00C04F79EFBC}") = "Win.Automation", "..\..\..\..\..\Program Files\Epic Games\UE_5.3\Engine\Source\Programs\AutomationTool\Win\Win.Automation.csproj", "{CA2C8351-F6BF-3EBA-A039-AAED7DEDA9FD}"
EndProject
Project("{FAE04EC0-301F-11D3-BF4B-00C04F79EFBC}") = "XLocLocalization.Automation", "..\..\..\..\..\Program Files\Epic Games\UE_5.3\Engine\Source\Programs\AutomationTool\XLocLocalization\XLocLocalization.Automation.csproj", "{F05598E3-9C2A-32B9-8784-915F4CB0B5CC}"
EndProject
Project("{FAE04EC0-301F-11D3-BF4B-00C04F79EFBC}") = "ScriptGeneratorUbtPlugin.ubtplugin", "..\..\..\..\..\Program Files\Epic Games\UE_5.3\Engine\Plugins\ScriptPlugin\Source\ScriptGeneratorUbtPlugin\ScriptGeneratorUbtPlugin.ubtplugin.csproj", "{CAFDB777-17F8-3494-8523-36BB46C4FE75}"
EndProject
Project("{FAE04EC0-301F-11D3-BF4B-00C04F79EFBC}") = "EpicGames.AspNet", "..\..\..\..\..\Program Files\Epic Games\UE_5.3\Engine\Source\Programs\Shared\EpicGames.AspNet\EpicGames.AspNet.csproj", "{A24CA0A6-B8F5-3745-8665-CBD7EEA21A01}"
EndProject
Project("{FAE04EC0-301F-11D3-BF4B-00C04F79EFBC}") = "EpicGames.Box", "..\..\..\..\..\Program Files\Epic Games\UE_5.3\Engine\Source\Programs\Shared\EpicGames.Box\EpicGames.Box.csproj", "{EC1EBF9F-24AD-371D-A800-CAEB3CC0DE5A}"
EndProject
Project("{FAE04EC0-301F-11D3-BF4B-00C04F79EFBC}") = "EpicGames.Build", "..\..\..\..\..\Program Files\Epic Games\UE_5.3\Engine\Source\Programs\Shared\EpicGames.Build\EpicGames.Build.csproj", "{0A0CC236-D8D4-3C31-BF54-60E60EDF79C2}"
EndProject
Project("{FAE04EC0-301F-11D3-BF4B-00C04F79EFBC}") = "EpicGames.BuildGraph", "..\..\..\..\..\Program Files\Epic Games\UE_5.3\Engine\Source\Programs\Shared\EpicGames.BuildGraph\EpicGames.BuildGraph.csproj", "{AEACF8E5-CBB0-33D4-A266-A82E117B5AD4}"
EndProject
Project("{FAE04EC0-301F-11D3-BF4B-00C04F79EFBC}") = "EpicGames.Core", "..\..\..\..\..\Program Files\Epic Games\UE_5.3\Engine\Source\Programs\Shared\EpicGames.Core\EpicGames.Core.csproj", "{BE0D3AE6-1E07-3106-B64C-22300B256C7A}"
EndProject
Project("{FAE04EC0-301F-11D3-BF4B-00C04F79EFBC}") = "EpicGames.Horde", "..\..\..\..\..\Program Files\Epic Games\UE_5.3\Engine\Source\Programs\Shared\EpicGames.Horde\EpicGames.Horde.csproj", "{B353C915-B513-3170-81CE-08D25922A91D}"
EndProject
Project("{FAE04EC0-301F-11D3-BF4B-00C04F79EFBC}") = "EpicGames.IoHash", "..\..\..\..\..\Program Files\Epic Games\UE_5.3\Engine\Source\Programs\Shared\EpicGames.IoHash\EpicGames.IoHash.csproj", "{1AC18172-7457-3D4A-9A77-C668801FE731}"
EndProject
Project("{FAE04EC0-301F-11D3-BF4B-00C04F79EFBC}") = "EpicGames.Jupiter", "..\..\..\..\..\Program Files\Epic Games\UE_5.3\Engine\Source\Programs\Shared\EpicGames.Jupiter\EpicGames.Jupiter.csproj", "{EFE3BB6F-5EA1-3B0D-952E-031CDE667F21}"
EndProject
Project("{FAE04EC0-301F-11D3-BF4B-00C04F79EFBC}") = "EpicGames.MongoDB", "..\..\..\..\..\Program Files\Epic Games\UE_5.3\Engine\Source\Programs\Shared\EpicGames.MongoDB\EpicGames.MongoDB.csproj", "{A960168A-1696-3FC1-A930-37414DD9BECD}"
EndProject
Project("{FAE04EC0-301F-11D3-BF4B-00C04F79EFBC}") = "EpicGames.MsBuild", "..\..\..\..\..\Program Files\Epic Games\UE_5.3\Engine\Source\Programs\Shared\EpicGames.MsBuild\EpicGames.MsBuild.csproj", "{912E56C6-4718-39EF-96A1-7902A43F0943}"
EndProject
Project("{FAE04EC0-301F-11D3-BF4B-00C04F79EFBC}") = "EpicGames.OIDC", "..\..\..\..\..\Program Files\Epic Games\UE_5.3\Engine\Source\Programs\Shared\EpicGames.OIDC\EpicGames.OIDC.csproj", "{7616FEFF-087D-3B1A-9C07-A85FBD3D5C14}"
EndProject
Project("{FAE04EC0-301F-11D3-BF4B-00C04F79EFBC}") = "EpicGames.Oodle", "..\..\..\..\..\Program Files\Epic Games\UE_5.3\Engine\Source\Programs\Shared\EpicGames.Oodle\EpicGames.Oodle.csproj", "{F9CB3680-E05C-3C02-B3AD-0EFF149C136A}"
EndProject
Project("{FAE04EC0-301F-11D3-BF4B-00C04F79EFBC}") = "EpicGames.Perforce", "..\..\..\..\..\Program Files\Epic Games\UE_5.3\Engine\Source\Programs\Shared\EpicGames.Perforce\EpicGames.Perforce.csproj", "{B1880990-EB5E-31DB-AF77-B386BC2A1E71}"
EndProject
Project("{FAE04EC0-301F-11D3-BF4B-00C04F79EFBC}") = "EpicGames.Perforce.Fixture", "..\..\..\..\..\Program Files\Epic Games\UE_5.3\Engine\Source\Programs\Shared\EpicGames.Perforce.Fixture\EpicGames.Perforce.Fixture.csproj", "{174659F4-2EDA-3080-AC31-780913F5254C}"
EndProject
Project("{FAE04EC0-301F-11D3-BF4B-00C04F79EFBC}") = "EpicGames.Perforce.Managed", "..\..\..\..\..\Program Files\Epic Games\UE_5.3\Engine\Source\Programs\Shared\EpicGames.Perforce.Managed\EpicGames.Perforce.Managed.csproj", "{E0FBAC38-D3C8-378E-8EC7-9DA4011A14EF}"
EndProject
Project("{FAE04EC0-301F-11D3-BF4B-00C04F79EFBC}") = "EpicGames.Redis", "..\..\..\..\..\Program Files\Epic Games\UE_5.3\Engine\Source\Programs\Shared\EpicGames.Redis\EpicGames.Redis.csproj", "{D2D96F92-AA57-3BFF-949E-64A8CB4EFA9A}"
EndProject
Project("{FAE04EC0-301F-11D3-BF4B-00C04F79EFBC}") = "EpicGames.Serialization", "..\..\..\..\..\Program Files\Epic Games\UE_5.3\Engine\Source\Programs\Shared\EpicGames.Serialization\EpicGames.Serialization.csproj", "{E0B4CA6B-E29B-39F0-8E6A-2E55C3FE19B4}"
EndProject
Project("{FAE04EC0-301F-11D3-BF4B-00C04F79EFBC}") = "EpicGames.Slack", "..\..\..\..\..\Program Files\Epic Games\UE_5.3\Engine\Source\Programs\Shared\EpicGames.Slack\EpicGames.Slack.csproj", "{D00A06B6-50A5-394F-B949-6D19683365AA}"
EndProject
Project("{FAE04EC0-301F-11D3-BF4B-00C04F79EFBC}") = "EpicGames.Tracing", "..\..\..\..\..\Program Files\Epic Games\UE_5.3\Engine\Source\Programs\Shared\EpicGames.Tracing\EpicGames.Tracing.csproj", "{E2AD51CC-FAB1-3EF9-AB63-A392FB9CD375}"
EndProject
Project("{FAE04EC0-301F-11D3-BF4B-00C04F79EFBC}") = "EpicGames.UHT", "..\..\..\..\..\Program Files\Epic Games\UE_5.3\Engine\Source\Programs\Shared\EpicGames.UHT\EpicGames.UHT.csproj", "{F575D5C7-3C97-35EC-AD4F-48E9099D88C5}"
EndProject
Project("{FAE04EC0-301F-11D3-BF4B-00C04F79EFBC}") = "UEGameModuleRules", "Intermediate\Build\BuildRulesProjects\UEGameModuleRules\UEGameModuleRules.csproj", "{E903BE84-EEC1-326D-96BF-7ECF56378F46}"
EndProject
Project("{FAE04EC0-301F-11D3-BF4B-00C04F79EFBC}") = "UE5ProgramRules", "..\..\..\..\..\Program Files\Epic Games\UE_5.3\Engine\Intermediate\Build\BuildRulesProjects\UE5ProgramRules\UE5ProgramRules.csproj", "{58139722-80A2-380F-AB58-6B1FDFBA58E7}"
EndProject
Project("{FAE04EC0-301F-11D3-BF4B-00C04F79EFBC}") = "UE5Rules", "..\..\..\..\..\Program Files\Epic Games\UE_5.3\Engine\Intermediate\Build\BuildRulesProjects\UE5Rules\UE5Rules.csproj", "{7AA8F116-372E-30F7-84EB-7BF9B28099AC}"
EndProject
Project("{2150E333-8FDC-42A3-9474-1A3956D46DE8}") = "Visualizers", "Visualizers", "{1CCEC849-CC72-4C59-8C36-2F7C38706D4C}"
	ProjectSection(SolutionItems) = preProject
		..\..\..\..\..\Program Files\Epic Games\UE_5.3\Engine\Extras\VisualStudioDebugging\Unreal.natvis = ..\..\..\..\..\Program Files\Epic Games\UE_5.3\Engine\Extras\VisualStudioDebugging\Unreal.natvis
		..\..\..\..\..\Program Files\Epic Games\UE_5.3\Engine\Extras\VisualStudioDebugging\Unreal.natstepfilter = ..\..\..\..\..\Program Files\Epic Games\UE_5.3\Engine\Extras\VisualStudioDebugging\Unreal.natstepfilter
	EndProjectSection
EndProject
Project("{8BC9CEB8-8B4A-11D0-8D11-00A0C91BC942}") = "PublicDefinitions", "PxcCore\PublicDefinitions\PublicDefinitions.vcxproj", "{D86EB3AC-237E-4B1B-B985-F31A225A042F}"
EndProject
Project("{8BC9CEB8-8B4A-11D0-8D11-00A0C91BC942}") = "DataTables", "PxcCore\DataTables\DataTables.vcxproj", "{C362F347-D4A4-4D3C-892A-25876EA1BB24}"
	ProjectSection(ProjectDependencies) = postProject
		{D86EB3AC-237E-4B1B-B985-F31A225A042F} = {D86EB3AC-237E-4B1B-B985-F31A225A042F}
	EndProjectSection
EndProject
Project("{8BC9CEB8-8B4A-11D0-8D11-00A0C91BC942}") = "MonoControl", "PxcCore\MonoControl\MonoControl.vcxproj", "{2317EFE8-D649-46D0-A7FB-443606C644D6}"
	ProjectSection(ProjectDependencies) = postProject
		{D86EB3AC-237E-4B1B-B985-F31A225A042F} = {D86EB3AC-237E-4B1B-B985-F31A225A042F}
	EndProjectSection
EndProject
Global
	GlobalSection(SolutionConfigurationPlatforms) = preSolution
		DebugGame Editor|Win64 = DebugGame Editor|Win64
		DebugGame|Win64 = DebugGame|Win64
		Development Editor|Win64 = Development Editor|Win64
		Development|Win64 = Development|Win64
		Shipping|Win64 = Shipping|Win64
	EndGlobalSection
	# UnrealVS Section
	GlobalSection(ddbf523f-7eb6-4887-bd51-85a714ff87eb) = preSolution
		AvailablePlatforms=Win64
	EndGlobalSection
	GlobalSection(ProjectConfigurationPlatforms) = postSolution
		{4C7F1C8F-B64C-31C8-9AB0-A401C64EA4DE}.DebugGame Editor|Win64.ActiveCfg = DebugGame_Editor|x64
		{4C7F1C8F-B64C-31C8-9AB0-A401C64EA4DE}.DebugGame Editor|Win64.Build.0 = DebugGame_Editor|x64
		{4C7F1C8F-B64C-31C8-9AB0-A401C64EA4DE}.DebugGame|Win64.ActiveCfg = DebugGame|x64
		{4C7F1C8F-B64C-31C8-9AB0-A401C64EA4DE}.DebugGame|Win64.Build.0 = DebugGame|x64
		{4C7F1C8F-B64C-31C8-9AB0-A401C64EA4DE}.Development Editor|Win64.ActiveCfg = Development_Editor|x64
		{4C7F1C8F-B64C-31C8-9AB0-A401C64EA4DE}.Development Editor|Win64.Build.0 = Development_Editor|x64
		{4C7F1C8F-B64C-31C8-9AB0-A401C64EA4DE}.Development|Win64.ActiveCfg = Development|x64
		{4C7F1C8F-B64C-31C8-9AB0-A401C64EA4DE}.Development|Win64.Build.0 = Development|x64
		{4C7F1C8F-B64C-31C8-9AB0-A401C64EA4DE}.Shipping|Win64.ActiveCfg = Shipping|x64
		{4C7F1C8F-B64C-31C8-9AB0-A401C64EA4DE}.Shipping|Win64.Build.0 = Shipping|x64
		{C7F7314E-8451-3B01-9215-C0D2BEF728FD}.DebugGame Editor|Win64.ActiveCfg = BuiltWithUnrealBuildTool|Win64
		{C7F7314E-8451-3B01-9215-C0D2BEF728FD}.DebugGame|Win64.ActiveCfg = BuiltWithUnrealBuildTool|Win64
		{C7F7314E-8451-3B01-9215-C0D2BEF728FD}.Development Editor|Win64.ActiveCfg = BuiltWithUnrealBuildTool|Win64
		{C7F7314E-8451-3B01-9215-C0D2BEF728FD}.Development|Win64.ActiveCfg = BuiltWithUnrealBuildTool|Win64
		{C7F7314E-8451-3B01-9215-C0D2BEF728FD}.Shipping|Win64.ActiveCfg = BuiltWithUnrealBuildTool|Win64
		{6C9C9930-8C63-30CA-ADB7-A2553F28F88E}.DebugGame Editor|Win64.ActiveCfg = Development|Any CPU
		{6C9C9930-8C63-30CA-ADB7-A2553F28F88E}.DebugGame Editor|Win64.Build.0 = Development|Any CPU
		{6C9C9930-8C63-30CA-ADB7-A2553F28F88E}.DebugGame|Win64.ActiveCfg = Development|Any CPU
		{6C9C9930-8C63-30CA-ADB7-A2553F28F88E}.DebugGame|Win64.Build.0 = Development|Any CPU
		{6C9C9930-8C63-30CA-ADB7-A2553F28F88E}.Development Editor|Win64.ActiveCfg = Development|Any CPU
		{6C9C9930-8C63-30CA-ADB7-A2553F28F88E}.Development Editor|Win64.Build.0 = Development|Any CPU
		{6C9C9930-8C63-30CA-ADB7-A2553F28F88E}.Development|Win64.ActiveCfg = Development|Any CPU
		{6C9C9930-8C63-30CA-ADB7-A2553F28F88E}.Development|Win64.Build.0 = Development|Any CPU
		{6C9C9930-8C63-30CA-ADB7-A2553F28F88E}.Shipping|Win64.ActiveCfg = Development|Any CPU
		{6C9C9930-8C63-30CA-ADB7-A2553F28F88E}.Shipping|Win64.Build.0 = Development|Any CPU
		{F49175E2-2DA9-3BE4-A294-09036B14C939}.DebugGame Editor|Win64.ActiveCfg = Development|Any CPU
		{F49175E2-2DA9-3BE4-A294-09036B14C939}.DebugGame Editor|Win64.Build.0 = Development|Any CPU
		{F49175E2-2DA9-3BE4-A294-09036B14C939}.DebugGame|Win64.ActiveCfg = Development|Any CPU
		{F49175E2-2DA9-3BE4-A294-09036B14C939}.DebugGame|Win64.Build.0 = Development|Any CPU
		{F49175E2-2DA9-3BE4-A294-09036B14C939}.Development Editor|Win64.ActiveCfg = Development|Any CPU
		{F49175E2-2DA9-3BE4-A294-09036B14C939}.Development Editor|Win64.Build.0 = Development|Any CPU
		{F49175E2-2DA9-3BE4-A294-09036B14C939}.Development|Win64.ActiveCfg = Development|Any CPU
		{F49175E2-2DA9-3BE4-A294-09036B14C939}.Development|Win64.Build.0 = Development|Any CPU
		{F49175E2-2DA9-3BE4-A294-09036B14C939}.Shipping|Win64.ActiveCfg = Development|Any CPU
		{F49175E2-2DA9-3BE4-A294-09036B14C939}.Shipping|Win64.Build.0 = Development|Any CPU
		{D2167E7B-46D0-3A3A-89CF-470B3451A78A}.DebugGame Editor|Win64.ActiveCfg = Development|Any CPU
		{D2167E7B-46D0-3A3A-89CF-470B3451A78A}.DebugGame Editor|Win64.Build.0 = Development|Any CPU
		{D2167E7B-46D0-3A3A-89CF-470B3451A78A}.DebugGame|Win64.ActiveCfg = Development|Any CPU
		{D2167E7B-46D0-3A3A-89CF-470B3451A78A}.DebugGame|Win64.Build.0 = Development|Any CPU
		{D2167E7B-46D0-3A3A-89CF-470B3451A78A}.Development Editor|Win64.ActiveCfg = Development|Any CPU
		{D2167E7B-46D0-3A3A-89CF-470B3451A78A}.Development Editor|Win64.Build.0 = Development|Any CPU
		{D2167E7B-46D0-3A3A-89CF-470B3451A78A}.Development|Win64.ActiveCfg = Development|Any CPU
		{D2167E7B-46D0-3A3A-89CF-470B3451A78A}.Development|Win64.Build.0 = Development|Any CPU
		{D2167E7B-46D0-3A3A-89CF-470B3451A78A}.Shipping|Win64.ActiveCfg = Development|Any CPU
		{D2167E7B-46D0-3A3A-89CF-470B3451A78A}.Shipping|Win64.Build.0 = Development|Any CPU
		{E5FE7564-05F7-3FE7-BC28-5486A85DAB8D}.DebugGame Editor|Win64.ActiveCfg = Development|Any CPU
		{E5FE7564-05F7-3FE7-BC28-5486A85DAB8D}.DebugGame Editor|Win64.Build.0 = Development|Any CPU
		{E5FE7564-05F7-3FE7-BC28-5486A85DAB8D}.DebugGame|Win64.ActiveCfg = Development|Any CPU
		{E5FE7564-05F7-3FE7-BC28-5486A85DAB8D}.DebugGame|Win64.Build.0 = Development|Any CPU
		{E5FE7564-05F7-3FE7-BC28-5486A85DAB8D}.Development Editor|Win64.ActiveCfg = Development|Any CPU
		{E5FE7564-05F7-3FE7-BC28-5486A85DAB8D}.Development Editor|Win64.Build.0 = Development|Any CPU
		{E5FE7564-05F7-3FE7-BC28-5486A85DAB8D}.Development|Win64.ActiveCfg = Development|Any CPU
		{E5FE7564-05F7-3FE7-BC28-5486A85DAB8D}.Development|Win64.Build.0 = Development|Any CPU
		{E5FE7564-05F7-3FE7-BC28-5486A85DAB8D}.Shipping|Win64.ActiveCfg = Development|Any CPU
		{E5FE7564-05F7-3FE7-BC28-5486A85DAB8D}.Shipping|Win64.Build.0 = Development|Any CPU
		{3CD7AE0B-FF43-33AC-A4BC-402411DC164E}.DebugGame Editor|Win64.ActiveCfg = Development|Any CPU
		{3CD7AE0B-FF43-33AC-A4BC-402411DC164E}.DebugGame Editor|Win64.Build.0 = Development|Any CPU
		{3CD7AE0B-FF43-33AC-A4BC-402411DC164E}.DebugGame|Win64.ActiveCfg = Development|Any CPU
		{3CD7AE0B-FF43-33AC-A4BC-402411DC164E}.DebugGame|Win64.Build.0 = Development|Any CPU
		{3CD7AE0B-FF43-33AC-A4BC-402411DC164E}.Development Editor|Win64.ActiveCfg = Development|Any CPU
		{3CD7AE0B-FF43-33AC-A4BC-402411DC164E}.Development Editor|Win64.Build.0 = Development|Any CPU
		{3CD7AE0B-FF43-33AC-A4BC-402411DC164E}.Development|Win64.ActiveCfg = Development|Any CPU
		{3CD7AE0B-FF43-33AC-A4BC-402411DC164E}.Development|Win64.Build.0 = Development|Any CPU
		{3CD7AE0B-FF43-33AC-A4BC-402411DC164E}.Shipping|Win64.ActiveCfg = Development|Any CPU
		{3CD7AE0B-FF43-33AC-A4BC-402411DC164E}.Shipping|Win64.Build.0 = Development|Any CPU
		{316F42BE-0F93-3D4B-AB99-91E88794162E}.DebugGame Editor|Win64.ActiveCfg = Development|Any CPU
		{316F42BE-0F93-3D4B-AB99-91E88794162E}.DebugGame Editor|Win64.Build.0 = Development|Any CPU
		{316F42BE-0F93-3D4B-AB99-91E88794162E}.DebugGame|Win64.ActiveCfg = Development|Any CPU
		{316F42BE-0F93-3D4B-AB99-91E88794162E}.DebugGame|Win64.Build.0 = Development|Any CPU
		{316F42BE-0F93-3D4B-AB99-91E88794162E}.Development Editor|Win64.ActiveCfg = Development|Any CPU
		{316F42BE-0F93-3D4B-AB99-91E88794162E}.Development Editor|Win64.Build.0 = Development|Any CPU
		{316F42BE-0F93-3D4B-AB99-91E88794162E}.Development|Win64.ActiveCfg = Development|Any CPU
		{316F42BE-0F93-3D4B-AB99-91E88794162E}.Development|Win64.Build.0 = Development|Any CPU
		{316F42BE-0F93-3D4B-AB99-91E88794162E}.Shipping|Win64.ActiveCfg = Development|Any CPU
		{316F42BE-0F93-3D4B-AB99-91E88794162E}.Shipping|Win64.Build.0 = Development|Any CPU
		{8CD50A20-606B-3BA4-BB02-3B5F1E6854C1}.DebugGame Editor|Win64.ActiveCfg = Development|Any CPU
		{8CD50A20-606B-3BA4-BB02-3B5F1E6854C1}.DebugGame Editor|Win64.Build.0 = Development|Any CPU
		{8CD50A20-606B-3BA4-BB02-3B5F1E6854C1}.DebugGame|Win64.ActiveCfg = Development|Any CPU
		{8CD50A20-606B-3BA4-BB02-3B5F1E6854C1}.DebugGame|Win64.Build.0 = Development|Any CPU
		{8CD50A20-606B-3BA4-BB02-3B5F1E6854C1}.Development Editor|Win64.ActiveCfg = Development|Any CPU
		{8CD50A20-606B-3BA4-BB02-3B5F1E6854C1}.Development Editor|Win64.Build.0 = Development|Any CPU
		{8CD50A20-606B-3BA4-BB02-3B5F1E6854C1}.Development|Win64.ActiveCfg = Development|Any CPU
		{8CD50A20-606B-3BA4-BB02-3B5F1E6854C1}.Development|Win64.Build.0 = Development|Any CPU
		{8CD50A20-606B-3BA4-BB02-3B5F1E6854C1}.Shipping|Win64.ActiveCfg = Development|Any CPU
		{8CD50A20-606B-3BA4-BB02-3B5F1E6854C1}.Shipping|Win64.Build.0 = Development|Any CPU
		{50F0ECF8-C34A-3216-AED5-ED96F1B9A94F}.DebugGame Editor|Win64.ActiveCfg = Development|Any CPU
		{50F0ECF8-C34A-3216-AED5-ED96F1B9A94F}.DebugGame Editor|Win64.Build.0 = Development|Any CPU
		{50F0ECF8-C34A-3216-AED5-ED96F1B9A94F}.DebugGame|Win64.ActiveCfg = Development|Any CPU
		{50F0ECF8-C34A-3216-AED5-ED96F1B9A94F}.DebugGame|Win64.Build.0 = Development|Any CPU
		{50F0ECF8-C34A-3216-AED5-ED96F1B9A94F}.Development Editor|Win64.ActiveCfg = Development|Any CPU
		{50F0ECF8-C34A-3216-AED5-ED96F1B9A94F}.Development Editor|Win64.Build.0 = Development|Any CPU
		{50F0ECF8-C34A-3216-AED5-ED96F1B9A94F}.Development|Win64.ActiveCfg = Development|Any CPU
		{50F0ECF8-C34A-3216-AED5-ED96F1B9A94F}.Development|Win64.Build.0 = Development|Any CPU
		{50F0ECF8-C34A-3216-AED5-ED96F1B9A94F}.Shipping|Win64.ActiveCfg = Development|Any CPU
		{50F0ECF8-C34A-3216-AED5-ED96F1B9A94F}.Shipping|Win64.Build.0 = Development|Any CPU
		{EC29A6EE-F53E-3C25-AA72-6DC68B239812}.DebugGame Editor|Win64.ActiveCfg = Development|Any CPU
		{EC29A6EE-F53E-3C25-AA72-6DC68B239812}.DebugGame Editor|Win64.Build.0 = Development|Any CPU
		{EC29A6EE-F53E-3C25-AA72-6DC68B239812}.DebugGame|Win64.ActiveCfg = Development|Any CPU
		{EC29A6EE-F53E-3C25-AA72-6DC68B239812}.DebugGame|Win64.Build.0 = Development|Any CPU
		{EC29A6EE-F53E-3C25-AA72-6DC68B239812}.Development Editor|Win64.ActiveCfg = Development|Any CPU
		{EC29A6EE-F53E-3C25-AA72-6DC68B239812}.Development Editor|Win64.Build.0 = Development|Any CPU
		{EC29A6EE-F53E-3C25-AA72-6DC68B239812}.Development|Win64.ActiveCfg = Development|Any CPU
		{EC29A6EE-F53E-3C25-AA72-6DC68B239812}.Development|Win64.Build.0 = Development|Any CPU
		{EC29A6EE-F53E-3C25-AA72-6DC68B239812}.Shipping|Win64.ActiveCfg = Development|Any CPU
		{EC29A6EE-F53E-3C25-AA72-6DC68B239812}.Shipping|Win64.Build.0 = Development|Any CPU
		{DE7B096C-EE59-3A48-890F-21B0AFE2F12E}.DebugGame Editor|Win64.ActiveCfg = Development|Any CPU
		{DE7B096C-EE59-3A48-890F-21B0AFE2F12E}.DebugGame Editor|Win64.Build.0 = Development|Any CPU
		{DE7B096C-EE59-3A48-890F-21B0AFE2F12E}.DebugGame|Win64.ActiveCfg = Development|Any CPU
		{DE7B096C-EE59-3A48-890F-21B0AFE2F12E}.DebugGame|Win64.Build.0 = Development|Any CPU
		{DE7B096C-EE59-3A48-890F-21B0AFE2F12E}.Development Editor|Win64.ActiveCfg = Development|Any CPU
		{DE7B096C-EE59-3A48-890F-21B0AFE2F12E}.Development Editor|Win64.Build.0 = Development|Any CPU
		{DE7B096C-EE59-3A48-890F-21B0AFE2F12E}.Development|Win64.ActiveCfg = Development|Any CPU
		{DE7B096C-EE59-3A48-890F-21B0AFE2F12E}.Development|Win64.Build.0 = Development|Any CPU
		{DE7B096C-EE59-3A48-890F-21B0AFE2F12E}.Shipping|Win64.ActiveCfg = Development|Any CPU
		{DE7B096C-EE59-3A48-890F-21B0AFE2F12E}.Shipping|Win64.Build.0 = Development|Any CPU
		{C8304DD6-E8ED-3E5B-B874-B28BC8EA3017}.DebugGame Editor|Win64.ActiveCfg = Development|Any CPU
		{C8304DD6-E8ED-3E5B-B874-B28BC8EA3017}.DebugGame Editor|Win64.Build.0 = Development|Any CPU
		{C8304DD6-E8ED-3E5B-B874-B28BC8EA3017}.DebugGame|Win64.ActiveCfg = Development|Any CPU
		{C8304DD6-E8ED-3E5B-B874-B28BC8EA3017}.DebugGame|Win64.Build.0 = Development|Any CPU
		{C8304DD6-E8ED-3E5B-B874-B28BC8EA3017}.Development Editor|Win64.ActiveCfg = Development|Any CPU
		{C8304DD6-E8ED-3E5B-B874-B28BC8EA3017}.Development Editor|Win64.Build.0 = Development|Any CPU
		{C8304DD6-E8ED-3E5B-B874-B28BC8EA3017}.Development|Win64.ActiveCfg = Development|Any CPU
		{C8304DD6-E8ED-3E5B-B874-B28BC8EA3017}.Development|Win64.Build.0 = Development|Any CPU
		{C8304DD6-E8ED-3E5B-B874-B28BC8EA3017}.Shipping|Win64.ActiveCfg = Development|Any CPU
		{C8304DD6-E8ED-3E5B-B874-B28BC8EA3017}.Shipping|Win64.Build.0 = Development|Any CPU
		{312D365B-8A3B-3D7C-9137-4A2EEC5EC7B4}.DebugGame Editor|Win64.ActiveCfg = Development|Any CPU
		{312D365B-8A3B-3D7C-9137-4A2EEC5EC7B4}.DebugGame Editor|Win64.Build.0 = Development|Any CPU
		{312D365B-8A3B-3D7C-9137-4A2EEC5EC7B4}.DebugGame|Win64.ActiveCfg = Development|Any CPU
		{312D365B-8A3B-3D7C-9137-4A2EEC5EC7B4}.DebugGame|Win64.Build.0 = Development|Any CPU
		{312D365B-8A3B-3D7C-9137-4A2EEC5EC7B4}.Development Editor|Win64.ActiveCfg = Development|Any CPU
		{312D365B-8A3B-3D7C-9137-4A2EEC5EC7B4}.Development Editor|Win64.Build.0 = Development|Any CPU
		{312D365B-8A3B-3D7C-9137-4A2EEC5EC7B4}.Development|Win64.ActiveCfg = Development|Any CPU
		{312D365B-8A3B-3D7C-9137-4A2EEC5EC7B4}.Development|Win64.Build.0 = Development|Any CPU
		{312D365B-8A3B-3D7C-9137-4A2EEC5EC7B4}.Shipping|Win64.ActiveCfg = Development|Any CPU
		{312D365B-8A3B-3D7C-9137-4A2EEC5EC7B4}.Shipping|Win64.Build.0 = Development|Any CPU
		{19A6F546-831D-3618-A0C5-822922D74585}.DebugGame Editor|Win64.ActiveCfg = Development|Any CPU
		{19A6F546-831D-3618-A0C5-822922D74585}.DebugGame Editor|Win64.Build.0 = Development|Any CPU
		{19A6F546-831D-3618-A0C5-822922D74585}.DebugGame|Win64.ActiveCfg = Development|Any CPU
		{19A6F546-831D-3618-A0C5-822922D74585}.DebugGame|Win64.Build.0 = Development|Any CPU
		{19A6F546-831D-3618-A0C5-822922D74585}.Development Editor|Win64.ActiveCfg = Development|Any CPU
		{19A6F546-831D-3618-A0C5-822922D74585}.Development Editor|Win64.Build.0 = Development|Any CPU
		{19A6F546-831D-3618-A0C5-822922D74585}.Development|Win64.ActiveCfg = Development|Any CPU
		{19A6F546-831D-3618-A0C5-822922D74585}.Development|Win64.Build.0 = Development|Any CPU
		{19A6F546-831D-3618-A0C5-822922D74585}.Shipping|Win64.ActiveCfg = Development|Any CPU
		{19A6F546-831D-3618-A0C5-822922D74585}.Shipping|Win64.Build.0 = Development|Any CPU
		{4240FC32-BBE5-3027-8A30-39191BAB8309}.DebugGame Editor|Win64.ActiveCfg = Development|Any CPU
		{4240FC32-BBE5-3027-8A30-39191BAB8309}.DebugGame Editor|Win64.Build.0 = Development|Any CPU
		{4240FC32-BBE5-3027-8A30-39191BAB8309}.DebugGame|Win64.ActiveCfg = Development|Any CPU
		{4240FC32-BBE5-3027-8A30-39191BAB8309}.DebugGame|Win64.Build.0 = Development|Any CPU
		{4240FC32-BBE5-3027-8A30-39191BAB8309}.Development Editor|Win64.ActiveCfg = Development|Any CPU
		{4240FC32-BBE5-3027-8A30-39191BAB8309}.Development Editor|Win64.Build.0 = Development|Any CPU
		{4240FC32-BBE5-3027-8A30-39191BAB8309}.Development|Win64.ActiveCfg = Development|Any CPU
		{4240FC32-BBE5-3027-8A30-39191BAB8309}.Development|Win64.Build.0 = Development|Any CPU
		{4240FC32-BBE5-3027-8A30-39191BAB8309}.Shipping|Win64.ActiveCfg = Development|Any CPU
		{4240FC32-BBE5-3027-8A30-39191BAB8309}.Shipping|Win64.Build.0 = Development|Any CPU
		{72062771-41F8-3F5F-8805-91B06586EBCC}.DebugGame Editor|Win64.ActiveCfg = Development|Any CPU
		{72062771-41F8-3F5F-8805-91B06586EBCC}.DebugGame Editor|Win64.Build.0 = Development|Any CPU
		{72062771-41F8-3F5F-8805-91B06586EBCC}.DebugGame|Win64.ActiveCfg = Development|Any CPU
		{72062771-41F8-3F5F-8805-91B06586EBCC}.DebugGame|Win64.Build.0 = Development|Any CPU
		{72062771-41F8-3F5F-8805-91B06586EBCC}.Development Editor|Win64.ActiveCfg = Development|Any CPU
		{72062771-41F8-3F5F-8805-91B06586EBCC}.Development Editor|Win64.Build.0 = Development|Any CPU
		{72062771-41F8-3F5F-8805-91B06586EBCC}.Development|Win64.ActiveCfg = Development|Any CPU
		{72062771-41F8-3F5F-8805-91B06586EBCC}.Development|Win64.Build.0 = Development|Any CPU
		{72062771-41F8-3F5F-8805-91B06586EBCC}.Shipping|Win64.ActiveCfg = Development|Any CPU
		{72062771-41F8-3F5F-8805-91B06586EBCC}.Shipping|Win64.Build.0 = Development|Any CPU
		{565311A3-D8A0-321C-8489-0A2AE7BD9577}.DebugGame Editor|Win64.ActiveCfg = Development|Any CPU
		{565311A3-D8A0-321C-8489-0A2AE7BD9577}.DebugGame Editor|Win64.Build.0 = Development|Any CPU
		{565311A3-D8A0-321C-8489-0A2AE7BD9577}.DebugGame|Win64.ActiveCfg = Development|Any CPU
		{565311A3-D8A0-321C-8489-0A2AE7BD9577}.DebugGame|Win64.Build.0 = Development|Any CPU
		{565311A3-D8A0-321C-8489-0A2AE7BD9577}.Development Editor|Win64.ActiveCfg = Development|Any CPU
		{565311A3-D8A0-321C-8489-0A2AE7BD9577}.Development Editor|Win64.Build.0 = Development|Any CPU
		{565311A3-D8A0-321C-8489-0A2AE7BD9577}.Development|Win64.ActiveCfg = Development|Any CPU
		{565311A3-D8A0-321C-8489-0A2AE7BD9577}.Development|Win64.Build.0 = Development|Any CPU
		{565311A3-D8A0-321C-8489-0A2AE7BD9577}.Shipping|Win64.ActiveCfg = Development|Any CPU
		{565311A3-D8A0-321C-8489-0A2AE7BD9577}.Shipping|Win64.Build.0 = Development|Any CPU
		{2E275607-06C3-3569-AD26-0D9FC55BAAA6}.DebugGame Editor|Win64.ActiveCfg = Development|Any CPU
		{2E275607-06C3-3569-AD26-0D9FC55BAAA6}.DebugGame Editor|Win64.Build.0 = Development|Any CPU
		{2E275607-06C3-3569-AD26-0D9FC55BAAA6}.DebugGame|Win64.ActiveCfg = Development|Any CPU
		{2E275607-06C3-3569-AD26-0D9FC55BAAA6}.DebugGame|Win64.Build.0 = Development|Any CPU
		{2E275607-06C3-3569-AD26-0D9FC55BAAA6}.Development Editor|Win64.ActiveCfg = Development|Any CPU
		{2E275607-06C3-3569-AD26-0D9FC55BAAA6}.Development Editor|Win64.Build.0 = Development|Any CPU
		{2E275607-06C3-3569-AD26-0D9FC55BAAA6}.Development|Win64.ActiveCfg = Development|Any CPU
		{2E275607-06C3-3569-AD26-0D9FC55BAAA6}.Development|Win64.Build.0 = Development|Any CPU
		{2E275607-06C3-3569-AD26-0D9FC55BAAA6}.Shipping|Win64.ActiveCfg = Development|Any CPU
		{2E275607-06C3-3569-AD26-0D9FC55BAAA6}.Shipping|Win64.Build.0 = Development|Any CPU
		{498B04F4-C8F4-3EE4-B3EB-718A0143FF48}.DebugGame Editor|Win64.ActiveCfg = Development|Any CPU
		{498B04F4-C8F4-3EE4-B3EB-718A0143FF48}.DebugGame Editor|Win64.Build.0 = Development|Any CPU
		{498B04F4-C8F4-3EE4-B3EB-718A0143FF48}.DebugGame|Win64.ActiveCfg = Development|Any CPU
		{498B04F4-C8F4-3EE4-B3EB-718A0143FF48}.DebugGame|Win64.Build.0 = Development|Any CPU
		{498B04F4-C8F4-3EE4-B3EB-718A0143FF48}.Development Editor|Win64.ActiveCfg = Development|Any CPU
		{498B04F4-C8F4-3EE4-B3EB-718A0143FF48}.Development Editor|Win64.Build.0 = Development|Any CPU
		{498B04F4-C8F4-3EE4-B3EB-718A0143FF48}.Development|Win64.ActiveCfg = Development|Any CPU
		{498B04F4-C8F4-3EE4-B3EB-718A0143FF48}.Development|Win64.Build.0 = Development|Any CPU
		{498B04F4-C8F4-3EE4-B3EB-718A0143FF48}.Shipping|Win64.ActiveCfg = Development|Any CPU
		{498B04F4-C8F4-3EE4-B3EB-718A0143FF48}.Shipping|Win64.Build.0 = Development|Any CPU
		{54918CF2-59EA-36A1-AAB0-5B2A9E6FEBFB}.DebugGame Editor|Win64.ActiveCfg = Development|Any CPU
		{54918CF2-59EA-36A1-AAB0-5B2A9E6FEBFB}.DebugGame Editor|Win64.Build.0 = Development|Any CPU
		{54918CF2-59EA-36A1-AAB0-5B2A9E6FEBFB}.DebugGame|Win64.ActiveCfg = Development|Any CPU
		{54918CF2-59EA-36A1-AAB0-5B2A9E6FEBFB}.DebugGame|Win64.Build.0 = Development|Any CPU
		{54918CF2-59EA-36A1-AAB0-5B2A9E6FEBFB}.Development Editor|Win64.ActiveCfg = Development|Any CPU
		{54918CF2-59EA-36A1-AAB0-5B2A9E6FEBFB}.Development Editor|Win64.Build.0 = Development|Any CPU
		{54918CF2-59EA-36A1-AAB0-5B2A9E6FEBFB}.Development|Win64.ActiveCfg = Development|Any CPU
		{54918CF2-59EA-36A1-AAB0-5B2A9E6FEBFB}.Development|Win64.Build.0 = Development|Any CPU
		{54918CF2-59EA-36A1-AAB0-5B2A9E6FEBFB}.Shipping|Win64.ActiveCfg = Development|Any CPU
		{54918CF2-59EA-36A1-AAB0-5B2A9E6FEBFB}.Shipping|Win64.Build.0 = Development|Any CPU
		{7FD1A848-BCD5-36D6-9688-5868C4259B14}.DebugGame Editor|Win64.ActiveCfg = Development|Any CPU
		{7FD1A848-BCD5-36D6-9688-5868C4259B14}.DebugGame Editor|Win64.Build.0 = Development|Any CPU
		{7FD1A848-BCD5-36D6-9688-5868C4259B14}.DebugGame|Win64.ActiveCfg = Development|Any CPU
		{7FD1A848-BCD5-36D6-9688-5868C4259B14}.DebugGame|Win64.Build.0 = Development|Any CPU
		{7FD1A848-BCD5-36D6-9688-5868C4259B14}.Development Editor|Win64.ActiveCfg = Development|Any CPU
		{7FD1A848-BCD5-36D6-9688-5868C4259B14}.Development Editor|Win64.Build.0 = Development|Any CPU
		{7FD1A848-BCD5-36D6-9688-5868C4259B14}.Development|Win64.ActiveCfg = Development|Any CPU
		{7FD1A848-BCD5-36D6-9688-5868C4259B14}.Development|Win64.Build.0 = Development|Any CPU
		{7FD1A848-BCD5-36D6-9688-5868C4259B14}.Shipping|Win64.ActiveCfg = Development|Any CPU
		{7FD1A848-BCD5-36D6-9688-5868C4259B14}.Shipping|Win64.Build.0 = Development|Any CPU
		{CA2C8351-F6BF-3EBA-A039-AAED7DEDA9FD}.DebugGame Editor|Win64.ActiveCfg = Development|Any CPU
		{CA2C8351-F6BF-3EBA-A039-AAED7DEDA9FD}.DebugGame Editor|Win64.Build.0 = Development|Any CPU
		{CA2C8351-F6BF-3EBA-A039-AAED7DEDA9FD}.DebugGame|Win64.ActiveCfg = Development|Any CPU
		{CA2C8351-F6BF-3EBA-A039-AAED7DEDA9FD}.DebugGame|Win64.Build.0 = Development|Any CPU
		{CA2C8351-F6BF-3EBA-A039-AAED7DEDA9FD}.Development Editor|Win64.ActiveCfg = Development|Any CPU
		{CA2C8351-F6BF-3EBA-A039-AAED7DEDA9FD}.Development Editor|Win64.Build.0 = Development|Any CPU
		{CA2C8351-F6BF-3EBA-A039-AAED7DEDA9FD}.Development|Win64.ActiveCfg = Development|Any CPU
		{CA2C8351-F6BF-3EBA-A039-AAED7DEDA9FD}.Development|Win64.Build.0 = Development|Any CPU
		{CA2C8351-F6BF-3EBA-A039-AAED7DEDA9FD}.Shipping|Win64.ActiveCfg = Development|Any CPU
		{CA2C8351-F6BF-3EBA-A039-AAED7DEDA9FD}.Shipping|Win64.Build.0 = Development|Any CPU
		{F05598E3-9C2A-32B9-8784-915F4CB0B5CC}.DebugGame Editor|Win64.ActiveCfg = Development|Any CPU
		{F05598E3-9C2A-32B9-8784-915F4CB0B5CC}.DebugGame Editor|Win64.Build.0 = Development|Any CPU
		{F05598E3-9C2A-32B9-8784-915F4CB0B5CC}.DebugGame|Win64.ActiveCfg = Development|Any CPU
		{F05598E3-9C2A-32B9-8784-915F4CB0B5CC}.DebugGame|Win64.Build.0 = Development|Any CPU
		{F05598E3-9C2A-32B9-8784-915F4CB0B5CC}.Development Editor|Win64.ActiveCfg = Development|Any CPU
		{F05598E3-9C2A-32B9-8784-915F4CB0B5CC}.Development Editor|Win64.Build.0 = Development|Any CPU
		{F05598E3-9C2A-32B9-8784-915F4CB0B5CC}.Development|Win64.ActiveCfg = Development|Any CPU
		{F05598E3-9C2A-32B9-8784-915F4CB0B5CC}.Development|Win64.Build.0 = Development|Any CPU
		{F05598E3-9C2A-32B9-8784-915F4CB0B5CC}.Shipping|Win64.ActiveCfg = Development|Any CPU
		{F05598E3-9C2A-32B9-8784-915F4CB0B5CC}.Shipping|Win64.Build.0 = Development|Any CPU
		{CAFDB777-17F8-3494-8523-36BB46C4FE75}.DebugGame Editor|Win64.ActiveCfg = Development|Any CPU
		{CAFDB777-17F8-3494-8523-36BB46C4FE75}.DebugGame Editor|Win64.Build.0 = Development|Any CPU
		{CAFDB777-17F8-3494-8523-36BB46C4FE75}.DebugGame|Win64.ActiveCfg = Development|Any CPU
		{CAFDB777-17F8-3494-8523-36BB46C4FE75}.DebugGame|Win64.Build.0 = Development|Any CPU
		{CAFDB777-17F8-3494-8523-36BB46C4FE75}.Development Editor|Win64.ActiveCfg = Development|Any CPU
		{CAFDB777-17F8-3494-8523-36BB46C4FE75}.Development Editor|Win64.Build.0 = Development|Any CPU
		{CAFDB777-17F8-3494-8523-36BB46C4FE75}.Development|Win64.ActiveCfg = Development|Any CPU
		{CAFDB777-17F8-3494-8523-36BB46C4FE75}.Development|Win64.Build.0 = Development|Any CPU
		{CAFDB777-17F8-3494-8523-36BB46C4FE75}.Shipping|Win64.ActiveCfg = Development|Any CPU
		{CAFDB777-17F8-3494-8523-36BB46C4FE75}.Shipping|Win64.Build.0 = Development|Any CPU
		{A24CA0A6-B8F5-3745-8665-CBD7EEA21A01}.DebugGame Editor|Win64.ActiveCfg = Development|Any CPU
		{A24CA0A6-B8F5-3745-8665-CBD7EEA21A01}.DebugGame Editor|Win64.Build.0 = Development|Any CPU
		{A24CA0A6-B8F5-3745-8665-CBD7EEA21A01}.DebugGame|Win64.ActiveCfg = Development|Any CPU
		{A24CA0A6-B8F5-3745-8665-CBD7EEA21A01}.DebugGame|Win64.Build.0 = Development|Any CPU
		{A24CA0A6-B8F5-3745-8665-CBD7EEA21A01}.Development Editor|Win64.ActiveCfg = Development|Any CPU
		{A24CA0A6-B8F5-3745-8665-CBD7EEA21A01}.Development Editor|Win64.Build.0 = Development|Any CPU
		{A24CA0A6-B8F5-3745-8665-CBD7EEA21A01}.Development|Win64.ActiveCfg = Development|Any CPU
		{A24CA0A6-B8F5-3745-8665-CBD7EEA21A01}.Development|Win64.Build.0 = Development|Any CPU
		{A24CA0A6-B8F5-3745-8665-CBD7EEA21A01}.Shipping|Win64.ActiveCfg = Development|Any CPU
		{A24CA0A6-B8F5-3745-8665-CBD7EEA21A01}.Shipping|Win64.Build.0 = Development|Any CPU
		{EC1EBF9F-24AD-371D-A800-CAEB3CC0DE5A}.DebugGame Editor|Win64.ActiveCfg = Development|Any CPU
		{EC1EBF9F-24AD-371D-A800-CAEB3CC0DE5A}.DebugGame Editor|Win64.Build.0 = Development|Any CPU
		{EC1EBF9F-24AD-371D-A800-CAEB3CC0DE5A}.DebugGame|Win64.ActiveCfg = Development|Any CPU
		{EC1EBF9F-24AD-371D-A800-CAEB3CC0DE5A}.DebugGame|Win64.Build.0 = Development|Any CPU
		{EC1EBF9F-24AD-371D-A800-CAEB3CC0DE5A}.Development Editor|Win64.ActiveCfg = Development|Any CPU
		{EC1EBF9F-24AD-371D-A800-CAEB3CC0DE5A}.Development Editor|Win64.Build.0 = Development|Any CPU
		{EC1EBF9F-24AD-371D-A800-CAEB3CC0DE5A}.Development|Win64.ActiveCfg = Development|Any CPU
		{EC1EBF9F-24AD-371D-A800-CAEB3CC0DE5A}.Development|Win64.Build.0 = Development|Any CPU
		{EC1EBF9F-24AD-371D-A800-CAEB3CC0DE5A}.Shipping|Win64.ActiveCfg = Development|Any CPU
		{EC1EBF9F-24AD-371D-A800-CAEB3CC0DE5A}.Shipping|Win64.Build.0 = Development|Any CPU
		{0A0CC236-D8D4-3C31-BF54-60E60EDF79C2}.DebugGame Editor|Win64.ActiveCfg = Development|Any CPU
		{0A0CC236-D8D4-3C31-BF54-60E60EDF79C2}.DebugGame Editor|Win64.Build.0 = Development|Any CPU
		{0A0CC236-D8D4-3C31-BF54-60E60EDF79C2}.DebugGame|Win64.ActiveCfg = Development|Any CPU
		{0A0CC236-D8D4-3C31-BF54-60E60EDF79C2}.DebugGame|Win64.Build.0 = Development|Any CPU
		{0A0CC236-D8D4-3C31-BF54-60E60EDF79C2}.Development Editor|Win64.ActiveCfg = Development|Any CPU
		{0A0CC236-D8D4-3C31-BF54-60E60EDF79C2}.Development Editor|Win64.Build.0 = Development|Any CPU
		{0A0CC236-D8D4-3C31-BF54-60E60EDF79C2}.Development|Win64.ActiveCfg = Development|Any CPU
		{0A0CC236-D8D4-3C31-BF54-60E60EDF79C2}.Development|Win64.Build.0 = Development|Any CPU
		{0A0CC236-D8D4-3C31-BF54-60E60EDF79C2}.Shipping|Win64.ActiveCfg = Development|Any CPU
		{0A0CC236-D8D4-3C31-BF54-60E60EDF79C2}.Shipping|Win64.Build.0 = Development|Any CPU
		{AEACF8E5-CBB0-33D4-A266-A82E117B5AD4}.DebugGame Editor|Win64.ActiveCfg = Development|Any CPU
		{AEACF8E5-CBB0-33D4-A266-A82E117B5AD4}.DebugGame Editor|Win64.Build.0 = Development|Any CPU
		{AEACF8E5-CBB0-33D4-A266-A82E117B5AD4}.DebugGame|Win64.ActiveCfg = Development|Any CPU
		{AEACF8E5-CBB0-33D4-A266-A82E117B5AD4}.DebugGame|Win64.Build.0 = Development|Any CPU
		{AEACF8E5-CBB0-33D4-A266-A82E117B5AD4}.Development Editor|Win64.ActiveCfg = Development|Any CPU
		{AEACF8E5-CBB0-33D4-A266-A82E117B5AD4}.Development Editor|Win64.Build.0 = Development|Any CPU
		{AEACF8E5-CBB0-33D4-A266-A82E117B5AD4}.Development|Win64.ActiveCfg = Development|Any CPU
		{AEACF8E5-CBB0-33D4-A266-A82E117B5AD4}.Development|Win64.Build.0 = Development|Any CPU
		{AEACF8E5-CBB0-33D4-A266-A82E117B5AD4}.Shipping|Win64.ActiveCfg = Development|Any CPU
		{AEACF8E5-CBB0-33D4-A266-A82E117B5AD4}.Shipping|Win64.Build.0 = Development|Any CPU
		{BE0D3AE6-1E07-3106-B64C-22300B256C7A}.DebugGame Editor|Win64.ActiveCfg = Development|Any CPU
		{BE0D3AE6-1E07-3106-B64C-22300B256C7A}.DebugGame Editor|Win64.Build.0 = Development|Any CPU
		{BE0D3AE6-1E07-3106-B64C-22300B256C7A}.DebugGame|Win64.ActiveCfg = Development|Any CPU
		{BE0D3AE6-1E07-3106-B64C-22300B256C7A}.DebugGame|Win64.Build.0 = Development|Any CPU
		{BE0D3AE6-1E07-3106-B64C-22300B256C7A}.Development Editor|Win64.ActiveCfg = Development|Any CPU
		{BE0D3AE6-1E07-3106-B64C-22300B256C7A}.Development Editor|Win64.Build.0 = Development|Any CPU
		{BE0D3AE6-1E07-3106-B64C-22300B256C7A}.Development|Win64.ActiveCfg = Development|Any CPU
		{BE0D3AE6-1E07-3106-B64C-22300B256C7A}.Development|Win64.Build.0 = Development|Any CPU
		{BE0D3AE6-1E07-3106-B64C-22300B256C7A}.Shipping|Win64.ActiveCfg = Development|Any CPU
		{BE0D3AE6-1E07-3106-B64C-22300B256C7A}.Shipping|Win64.Build.0 = Development|Any CPU
		{B353C915-B513-3170-81CE-08D25922A91D}.DebugGame Editor|Win64.ActiveCfg = Development|Any CPU
		{B353C915-B513-3170-81CE-08D25922A91D}.DebugGame Editor|Win64.Build.0 = Development|Any CPU
		{B353C915-B513-3170-81CE-08D25922A91D}.DebugGame|Win64.ActiveCfg = Development|Any CPU
		{B353C915-B513-3170-81CE-08D25922A91D}.DebugGame|Win64.Build.0 = Development|Any CPU
		{B353C915-B513-3170-81CE-08D25922A91D}.Development Editor|Win64.ActiveCfg = Development|Any CPU
		{B353C915-B513-3170-81CE-08D25922A91D}.Development Editor|Win64.Build.0 = Development|Any CPU
		{B353C915-B513-3170-81CE-08D25922A91D}.Development|Win64.ActiveCfg = Development|Any CPU
		{B353C915-B513-3170-81CE-08D25922A91D}.Development|Win64.Build.0 = Development|Any CPU
		{B353C915-B513-3170-81CE-08D25922A91D}.Shipping|Win64.ActiveCfg = Development|Any CPU
		{B353C915-B513-3170-81CE-08D25922A91D}.Shipping|Win64.Build.0 = Development|Any CPU
		{1AC18172-7457-3D4A-9A77-C668801FE731}.DebugGame Editor|Win64.ActiveCfg = Development|Any CPU
		{1AC18172-7457-3D4A-9A77-C668801FE731}.DebugGame Editor|Win64.Build.0 = Development|Any CPU
		{1AC18172-7457-3D4A-9A77-C668801FE731}.DebugGame|Win64.ActiveCfg = Development|Any CPU
		{1AC18172-7457-3D4A-9A77-C668801FE731}.DebugGame|Win64.Build.0 = Development|Any CPU
		{1AC18172-7457-3D4A-9A77-C668801FE731}.Development Editor|Win64.ActiveCfg = Development|Any CPU
		{1AC18172-7457-3D4A-9A77-C668801FE731}.Development Editor|Win64.Build.0 = Development|Any CPU
		{1AC18172-7457-3D4A-9A77-C668801FE731}.Development|Win64.ActiveCfg = Development|Any CPU
		{1AC18172-7457-3D4A-9A77-C668801FE731}.Development|Win64.Build.0 = Development|Any CPU
		{1AC18172-7457-3D4A-9A77-C668801FE731}.Shipping|Win64.ActiveCfg = Development|Any CPU
		{1AC18172-7457-3D4A-9A77-C668801FE731}.Shipping|Win64.Build.0 = Development|Any CPU
		{EFE3BB6F-5EA1-3B0D-952E-031CDE667F21}.DebugGame Editor|Win64.ActiveCfg = Development|Any CPU
		{EFE3BB6F-5EA1-3B0D-952E-031CDE667F21}.DebugGame Editor|Win64.Build.0 = Development|Any CPU
		{EFE3BB6F-5EA1-3B0D-952E-031CDE667F21}.DebugGame|Win64.ActiveCfg = Development|Any CPU
		{EFE3BB6F-5EA1-3B0D-952E-031CDE667F21}.DebugGame|Win64.Build.0 = Development|Any CPU
		{EFE3BB6F-5EA1-3B0D-952E-031CDE667F21}.Development Editor|Win64.ActiveCfg = Development|Any CPU
		{EFE3BB6F-5EA1-3B0D-952E-031CDE667F21}.Development Editor|Win64.Build.0 = Development|Any CPU
		{EFE3BB6F-5EA1-3B0D-952E-031CDE667F21}.Development|Win64.ActiveCfg = Development|Any CPU
		{EFE3BB6F-5EA1-3B0D-952E-031CDE667F21}.Development|Win64.Build.0 = Development|Any CPU
		{EFE3BB6F-5EA1-3B0D-952E-031CDE667F21}.Shipping|Win64.ActiveCfg = Development|Any CPU
		{EFE3BB6F-5EA1-3B0D-952E-031CDE667F21}.Shipping|Win64.Build.0 = Development|Any CPU
		{A960168A-1696-3FC1-A930-37414DD9BECD}.DebugGame Editor|Win64.ActiveCfg = Development|Any CPU
		{A960168A-1696-3FC1-A930-37414DD9BECD}.DebugGame Editor|Win64.Build.0 = Development|Any CPU
		{A960168A-1696-3FC1-A930-37414DD9BECD}.DebugGame|Win64.ActiveCfg = Development|Any CPU
		{A960168A-1696-3FC1-A930-37414DD9BECD}.DebugGame|Win64.Build.0 = Development|Any CPU
		{A960168A-1696-3FC1-A930-37414DD9BECD}.Development Editor|Win64.ActiveCfg = Development|Any CPU
		{A960168A-1696-3FC1-A930-37414DD9BECD}.Development Editor|Win64.Build.0 = Development|Any CPU
		{A960168A-1696-3FC1-A930-37414DD9BECD}.Development|Win64.ActiveCfg = Development|Any CPU
		{A960168A-1696-3FC1-A930-37414DD9BECD}.Development|Win64.Build.0 = Development|Any CPU
		{A960168A-1696-3FC1-A930-37414DD9BECD}.Shipping|Win64.ActiveCfg = Development|Any CPU
		{A960168A-1696-3FC1-A930-37414DD9BECD}.Shipping|Win64.Build.0 = Development|Any CPU
		{912E56C6-4718-39EF-96A1-7902A43F0943}.DebugGame Editor|Win64.ActiveCfg = Development|Any CPU
		{912E56C6-4718-39EF-96A1-7902A43F0943}.DebugGame Editor|Win64.Build.0 = Development|Any CPU
		{912E56C6-4718-39EF-96A1-7902A43F0943}.DebugGame|Win64.ActiveCfg = Development|Any CPU
		{912E56C6-4718-39EF-96A1-7902A43F0943}.DebugGame|Win64.Build.0 = Development|Any CPU
		{912E56C6-4718-39EF-96A1-7902A43F0943}.Development Editor|Win64.ActiveCfg = Development|Any CPU
		{912E56C6-4718-39EF-96A1-7902A43F0943}.Development Editor|Win64.Build.0 = Development|Any CPU
		{912E56C6-4718-39EF-96A1-7902A43F0943}.Development|Win64.ActiveCfg = Development|Any CPU
		{912E56C6-4718-39EF-96A1-7902A43F0943}.Development|Win64.Build.0 = Development|Any CPU
		{912E56C6-4718-39EF-96A1-7902A43F0943}.Shipping|Win64.ActiveCfg = Development|Any CPU
		{912E56C6-4718-39EF-96A1-7902A43F0943}.Shipping|Win64.Build.0 = Development|Any CPU
		{7616FEFF-087D-3B1A-9C07-A85FBD3D5C14}.DebugGame Editor|Win64.ActiveCfg = Development|Any CPU
		{7616FEFF-087D-3B1A-9C07-A85FBD3D5C14}.DebugGame Editor|Win64.Build.0 = Development|Any CPU
		{7616FEFF-087D-3B1A-9C07-A85FBD3D5C14}.DebugGame|Win64.ActiveCfg = Development|Any CPU
		{7616FEFF-087D-3B1A-9C07-A85FBD3D5C14}.DebugGame|Win64.Build.0 = Development|Any CPU
		{7616FEFF-087D-3B1A-9C07-A85FBD3D5C14}.Development Editor|Win64.ActiveCfg = Development|Any CPU
		{7616FEFF-087D-3B1A-9C07-A85FBD3D5C14}.Development Editor|Win64.Build.0 = Development|Any CPU
		{7616FEFF-087D-3B1A-9C07-A85FBD3D5C14}.Development|Win64.ActiveCfg = Development|Any CPU
		{7616FEFF-087D-3B1A-9C07-A85FBD3D5C14}.Development|Win64.Build.0 = Development|Any CPU
		{7616FEFF-087D-3B1A-9C07-A85FBD3D5C14}.Shipping|Win64.ActiveCfg = Development|Any CPU
		{7616FEFF-087D-3B1A-9C07-A85FBD3D5C14}.Shipping|Win64.Build.0 = Development|Any CPU
		{F9CB3680-E05C-3C02-B3AD-0EFF149C136A}.DebugGame Editor|Win64.ActiveCfg = Development|Any CPU
		{F9CB3680-E05C-3C02-B3AD-0EFF149C136A}.DebugGame Editor|Win64.Build.0 = Development|Any CPU
		{F9CB3680-E05C-3C02-B3AD-0EFF149C136A}.DebugGame|Win64.ActiveCfg = Development|Any CPU
		{F9CB3680-E05C-3C02-B3AD-0EFF149C136A}.DebugGame|Win64.Build.0 = Development|Any CPU
		{F9CB3680-E05C-3C02-B3AD-0EFF149C136A}.Development Editor|Win64.ActiveCfg = Development|Any CPU
		{F9CB3680-E05C-3C02-B3AD-0EFF149C136A}.Development Editor|Win64.Build.0 = Development|Any CPU
		{F9CB3680-E05C-3C02-B3AD-0EFF149C136A}.Development|Win64.ActiveCfg = Development|Any CPU
		{F9CB3680-E05C-3C02-B3AD-0EFF149C136A}.Development|Win64.Build.0 = Development|Any CPU
		{F9CB3680-E05C-3C02-B3AD-0EFF149C136A}.Shipping|Win64.ActiveCfg = Development|Any CPU
		{F9CB3680-E05C-3C02-B3AD-0EFF149C136A}.Shipping|Win64.Build.0 = Development|Any CPU
		{B1880990-EB5E-31DB-AF77-B386BC2A1E71}.DebugGame Editor|Win64.ActiveCfg = Development|Any CPU
		{B1880990-EB5E-31DB-AF77-B386BC2A1E71}.DebugGame Editor|Win64.Build.0 = Development|Any CPU
		{B1880990-EB5E-31DB-AF77-B386BC2A1E71}.DebugGame|Win64.ActiveCfg = Development|Any CPU
		{B1880990-EB5E-31DB-AF77-B386BC2A1E71}.DebugGame|Win64.Build.0 = Development|Any CPU
		{B1880990-EB5E-31DB-AF77-B386BC2A1E71}.Development Editor|Win64.ActiveCfg = Development|Any CPU
		{B1880990-EB5E-31DB-AF77-B386BC2A1E71}.Development Editor|Win64.Build.0 = Development|Any CPU
		{B1880990-EB5E-31DB-AF77-B386BC2A1E71}.Development|Win64.ActiveCfg = Development|Any CPU
		{B1880990-EB5E-31DB-AF77-B386BC2A1E71}.Development|Win64.Build.0 = Development|Any CPU
		{B1880990-EB5E-31DB-AF77-B386BC2A1E71}.Shipping|Win64.ActiveCfg = Development|Any CPU
		{B1880990-EB5E-31DB-AF77-B386BC2A1E71}.Shipping|Win64.Build.0 = Development|Any CPU
		{174659F4-2EDA-3080-AC31-780913F5254C}.DebugGame Editor|Win64.ActiveCfg = Development|Any CPU
		{174659F4-2EDA-3080-AC31-780913F5254C}.DebugGame Editor|Win64.Build.0 = Development|Any CPU
		{174659F4-2EDA-3080-AC31-780913F5254C}.DebugGame|Win64.ActiveCfg = Development|Any CPU
		{174659F4-2EDA-3080-AC31-780913F5254C}.DebugGame|Win64.Build.0 = Development|Any CPU
		{174659F4-2EDA-3080-AC31-780913F5254C}.Development Editor|Win64.ActiveCfg = Development|Any CPU
		{174659F4-2EDA-3080-AC31-780913F5254C}.Development Editor|Win64.Build.0 = Development|Any CPU
		{174659F4-2EDA-3080-AC31-780913F5254C}.Development|Win64.ActiveCfg = Development|Any CPU
		{174659F4-2EDA-3080-AC31-780913F5254C}.Development|Win64.Build.0 = Development|Any CPU
		{174659F4-2EDA-3080-AC31-780913F5254C}.Shipping|Win64.ActiveCfg = Development|Any CPU
		{174659F4-2EDA-3080-AC31-780913F5254C}.Shipping|Win64.Build.0 = Development|Any CPU
		{E0FBAC38-D3C8-378E-8EC7-9DA4011A14EF}.DebugGame Editor|Win64.ActiveCfg = Development|Any CPU
		{E0FBAC38-D3C8-378E-8EC7-9DA4011A14EF}.DebugGame Editor|Win64.Build.0 = Development|Any CPU
		{E0FBAC38-D3C8-378E-8EC7-9DA4011A14EF}.DebugGame|Win64.ActiveCfg = Development|Any CPU
		{E0FBAC38-D3C8-378E-8EC7-9DA4011A14EF}.DebugGame|Win64.Build.0 = Development|Any CPU
		{E0FBAC38-D3C8-378E-8EC7-9DA4011A14EF}.Development Editor|Win64.ActiveCfg = Development|Any CPU
		{E0FBAC38-D3C8-378E-8EC7-9DA4011A14EF}.Development Editor|Win64.Build.0 = Development|Any CPU
		{E0FBAC38-D3C8-378E-8EC7-9DA4011A14EF}.Development|Win64.ActiveCfg = Development|Any CPU
		{E0FBAC38-D3C8-378E-8EC7-9DA4011A14EF}.Development|Win64.Build.0 = Development|Any CPU
		{E0FBAC38-D3C8-378E-8EC7-9DA4011A14EF}.Shipping|Win64.ActiveCfg = Development|Any CPU
		{E0FBAC38-D3C8-378E-8EC7-9DA4011A14EF}.Shipping|Win64.Build.0 = Development|Any CPU
		{D2D96F92-AA57-3BFF-949E-64A8CB4EFA9A}.DebugGame Editor|Win64.ActiveCfg = Development|Any CPU
		{D2D96F92-AA57-3BFF-949E-64A8CB4EFA9A}.DebugGame Editor|Win64.Build.0 = Development|Any CPU
		{D2D96F92-AA57-3BFF-949E-64A8CB4EFA9A}.DebugGame|Win64.ActiveCfg = Development|Any CPU
		{D2D96F92-AA57-3BFF-949E-64A8CB4EFA9A}.DebugGame|Win64.Build.0 = Development|Any CPU
		{D2D96F92-AA57-3BFF-949E-64A8CB4EFA9A}.Development Editor|Win64.ActiveCfg = Development|Any CPU
		{D2D96F92-AA57-3BFF-949E-64A8CB4EFA9A}.Development Editor|Win64.Build.0 = Development|Any CPU
		{D2D96F92-AA57-3BFF-949E-64A8CB4EFA9A}.Development|Win64.ActiveCfg = Development|Any CPU
		{D2D96F92-AA57-3BFF-949E-64A8CB4EFA9A}.Development|Win64.Build.0 = Development|Any CPU
		{D2D96F92-AA57-3BFF-949E-64A8CB4EFA9A}.Shipping|Win64.ActiveCfg = Development|Any CPU
		{D2D96F92-AA57-3BFF-949E-64A8CB4EFA9A}.Shipping|Win64.Build.0 = Development|Any CPU
		{E0B4CA6B-E29B-39F0-8E6A-2E55C3FE19B4}.DebugGame Editor|Win64.ActiveCfg = Development|Any CPU
		{E0B4CA6B-E29B-39F0-8E6A-2E55C3FE19B4}.DebugGame Editor|Win64.Build.0 = Development|Any CPU
		{E0B4CA6B-E29B-39F0-8E6A-2E55C3FE19B4}.DebugGame|Win64.ActiveCfg = Development|Any CPU
		{E0B4CA6B-E29B-39F0-8E6A-2E55C3FE19B4}.DebugGame|Win64.Build.0 = Development|Any CPU
		{E0B4CA6B-E29B-39F0-8E6A-2E55C3FE19B4}.Development Editor|Win64.ActiveCfg = Development|Any CPU
		{E0B4CA6B-E29B-39F0-8E6A-2E55C3FE19B4}.Development Editor|Win64.Build.0 = Development|Any CPU
		{E0B4CA6B-E29B-39F0-8E6A-2E55C3FE19B4}.Development|Win64.ActiveCfg = Development|Any CPU
		{E0B4CA6B-E29B-39F0-8E6A-2E55C3FE19B4}.Development|Win64.Build.0 = Development|Any CPU
		{E0B4CA6B-E29B-39F0-8E6A-2E55C3FE19B4}.Shipping|Win64.ActiveCfg = Development|Any CPU
		{E0B4CA6B-E29B-39F0-8E6A-2E55C3FE19B4}.Shipping|Win64.Build.0 = Development|Any CPU
		{D00A06B6-50A5-394F-B949-6D19683365AA}.DebugGame Editor|Win64.ActiveCfg = Development|Any CPU
		{D00A06B6-50A5-394F-B949-6D19683365AA}.DebugGame Editor|Win64.Build.0 = Development|Any CPU
		{D00A06B6-50A5-394F-B949-6D19683365AA}.DebugGame|Win64.ActiveCfg = Development|Any CPU
		{D00A06B6-50A5-394F-B949-6D19683365AA}.DebugGame|Win64.Build.0 = Development|Any CPU
		{D00A06B6-50A5-394F-B949-6D19683365AA}.Development Editor|Win64.ActiveCfg = Development|Any CPU
		{D00A06B6-50A5-394F-B949-6D19683365AA}.Development Editor|Win64.Build.0 = Development|Any CPU
		{D00A06B6-50A5-394F-B949-6D19683365AA}.Development|Win64.ActiveCfg = Development|Any CPU
		{D00A06B6-50A5-394F-B949-6D19683365AA}.Development|Win64.Build.0 = Development|Any CPU
		{D00A06B6-50A5-394F-B949-6D19683365AA}.Shipping|Win64.ActiveCfg = Development|Any CPU
		{D00A06B6-50A5-394F-B949-6D19683365AA}.Shipping|Win64.Build.0 = Development|Any CPU
		{E2AD51CC-FAB1-3EF9-AB63-A392FB9CD375}.DebugGame Editor|Win64.ActiveCfg = Development|Any CPU
		{E2AD51CC-FAB1-3EF9-AB63-A392FB9CD375}.DebugGame Editor|Win64.Build.0 = Development|Any CPU
		{E2AD51CC-FAB1-3EF9-AB63-A392FB9CD375}.DebugGame|Win64.ActiveCfg = Development|Any CPU
		{E2AD51CC-FAB1-3EF9-AB63-A392FB9CD375}.DebugGame|Win64.Build.0 = Development|Any CPU
		{E2AD51CC-FAB1-3EF9-AB63-A392FB9CD375}.Development Editor|Win64.ActiveCfg = Development|Any CPU
		{E2AD51CC-FAB1-3EF9-AB63-A392FB9CD375}.Development Editor|Win64.Build.0 = Development|Any CPU
		{E2AD51CC-FAB1-3EF9-AB63-A392FB9CD375}.Development|Win64.ActiveCfg = Development|Any CPU
		{E2AD51CC-FAB1-3EF9-AB63-A392FB9CD375}.Development|Win64.Build.0 = Development|Any CPU
		{E2AD51CC-FAB1-3EF9-AB63-A392FB9CD375}.Shipping|Win64.ActiveCfg = Development|Any CPU
		{E2AD51CC-FAB1-3EF9-AB63-A392FB9CD375}.Shipping|Win64.Build.0 = Development|Any CPU
		{F575D5C7-3C97-35EC-AD4F-48E9099D88C5}.DebugGame Editor|Win64.ActiveCfg = Development|Any CPU
		{F575D5C7-3C97-35EC-AD4F-48E9099D88C5}.DebugGame Editor|Win64.Build.0 = Development|Any CPU
		{F575D5C7-3C97-35EC-AD4F-48E9099D88C5}.DebugGame|Win64.ActiveCfg = Development|Any CPU
		{F575D5C7-3C97-35EC-AD4F-48E9099D88C5}.DebugGame|Win64.Build.0 = Development|Any CPU
		{F575D5C7-3C97-35EC-AD4F-48E9099D88C5}.Development Editor|Win64.ActiveCfg = Development|Any CPU
		{F575D5C7-3C97-35EC-AD4F-48E9099D88C5}.Development Editor|Win64.Build.0 = Development|Any CPU
		{F575D5C7-3C97-35EC-AD4F-48E9099D88C5}.Development|Win64.ActiveCfg = Development|Any CPU
		{F575D5C7-3C97-35EC-AD4F-48E9099D88C5}.Development|Win64.Build.0 = Development|Any CPU
		{F575D5C7-3C97-35EC-AD4F-48E9099D88C5}.Shipping|Win64.ActiveCfg = Development|Any CPU
		{F575D5C7-3C97-35EC-AD4F-48E9099D88C5}.Shipping|Win64.Build.0 = Development|Any CPU
		{E903BE84-EEC1-326D-96BF-7ECF56378F46}.DebugGame Editor|Win64.ActiveCfg = Development|Any CPU
		{E903BE84-EEC1-326D-96BF-7ECF56378F46}.DebugGame Editor|Win64.Build.0 = Development|Any CPU
		{E903BE84-EEC1-326D-96BF-7ECF56378F46}.DebugGame|Win64.ActiveCfg = Development|Any CPU
		{E903BE84-EEC1-326D-96BF-7ECF56378F46}.DebugGame|Win64.Build.0 = Development|Any CPU
		{E903BE84-EEC1-326D-96BF-7ECF56378F46}.Development Editor|Win64.ActiveCfg = Development|Any CPU
		{E903BE84-EEC1-326D-96BF-7ECF56378F46}.Development Editor|Win64.Build.0 = Development|Any CPU
		{E903BE84-EEC1-326D-96BF-7ECF56378F46}.Development|Win64.ActiveCfg = Development|Any CPU
		{E903BE84-EEC1-326D-96BF-7ECF56378F46}.Development|Win64.Build.0 = Development|Any CPU
		{E903BE84-EEC1-326D-96BF-7ECF56378F46}.Shipping|Win64.ActiveCfg = Development|Any CPU
		{E903BE84-EEC1-326D-96BF-7ECF56378F46}.Shipping|Win64.Build.0 = Development|Any CPU
		{58139722-80A2-380F-AB58-6B1FDFBA58E7}.DebugGame Editor|Win64.ActiveCfg = Development|Any CPU
		{58139722-80A2-380F-AB58-6B1FDFBA58E7}.DebugGame Editor|Win64.Build.0 = Development|Any CPU
		{58139722-80A2-380F-AB58-6B1FDFBA58E7}.DebugGame|Win64.ActiveCfg = Development|Any CPU
		{58139722-80A2-380F-AB58-6B1FDFBA58E7}.DebugGame|Win64.Build.0 = Development|Any CPU
		{58139722-80A2-380F-AB58-6B1FDFBA58E7}.Development Editor|Win64.ActiveCfg = Development|Any CPU
		{58139722-80A2-380F-AB58-6B1FDFBA58E7}.Development Editor|Win64.Build.0 = Development|Any CPU
		{58139722-80A2-380F-AB58-6B1FDFBA58E7}.Development|Win64.ActiveCfg = Development|Any CPU
		{58139722-80A2-380F-AB58-6B1FDFBA58E7}.Development|Win64.Build.0 = Development|Any CPU
		{58139722-80A2-380F-AB58-6B1FDFBA58E7}.Shipping|Win64.ActiveCfg = Development|Any CPU
		{58139722-80A2-380F-AB58-6B1FDFBA58E7}.Shipping|Win64.Build.0 = Development|Any CPU
		{7AA8F116-372E-30F7-84EB-7BF9B28099AC}.DebugGame Editor|Win64.ActiveCfg = Development|Any CPU
		{7AA8F116-372E-30F7-84EB-7BF9B28099AC}.DebugGame Editor|Win64.Build.0 = Development|Any CPU
		{7AA8F116-372E-30F7-84EB-7BF9B28099AC}.DebugGame|Win64.ActiveCfg = Development|Any CPU
		{7AA8F116-372E-30F7-84EB-7BF9B28099AC}.DebugGame|Win64.Build.0 = Development|Any CPU
		{7AA8F116-372E-30F7-84EB-7BF9B28099AC}.Development Editor|Win64.ActiveCfg = Development|Any CPU
		{7AA8F116-372E-30F7-84EB-7BF9B28099AC}.Development Editor|Win64.Build.0 = Development|Any CPU
		{7AA8F116-372E-30F7-84EB-7BF9B28099AC}.Development|Win64.ActiveCfg = Development|Any CPU
		{7AA8F116-372E-30F7-84EB-7BF9B28099AC}.Development|Win64.Build.0 = Development|Any CPU
		{7AA8F116-372E-30F7-84EB-7BF9B28099AC}.Shipping|Win64.ActiveCfg = Development|Any CPU
		{7AA8F116-372E-30F7-84EB-7BF9B28099AC}.Shipping|Win64.Build.0 = Development|Any CPU
		{D86EB3AC-237E-4B1B-B985-F31A225A042F}.DebugGame Editor|HoloLens.ActiveCfg = Release|Win32
		{D86EB3AC-237E-4B1B-B985-F31A225A042F}.DebugGame Editor|HoloLens.Build.0 = Release|Win32
		{D86EB3AC-237E-4B1B-B985-F31A225A042F}.DebugGame Editor|Win32.ActiveCfg = Release|Win32
		{D86EB3AC-237E-4B1B-B985-F31A225A042F}.DebugGame Editor|Win32.Build.0 = Release|Win32
		{D86EB3AC-237E-4B1B-B985-F31A225A042F}.DebugGame Editor|Win64.ActiveCfg = Release|x64
		{D86EB3AC-237E-4B1B-B985-F31A225A042F}.DebugGame Editor|Win64.Build.0 = Release|x64
		{D86EB3AC-237E-4B1B-B985-F31A225A042F}.DebugGame|HoloLens.ActiveCfg = Release|Win32
		{D86EB3AC-237E-4B1B-B985-F31A225A042F}.DebugGame|HoloLens.Build.0 = Release|Win32
		{D86EB3AC-237E-4B1B-B985-F31A225A042F}.DebugGame|Win32.ActiveCfg = Release|Win32
		{D86EB3AC-237E-4B1B-B985-F31A225A042F}.DebugGame|Win32.Build.0 = Release|Win32
		{D86EB3AC-237E-4B1B-B985-F31A225A042F}.DebugGame|Win64.ActiveCfg = Release|x64
		{D86EB3AC-237E-4B1B-B985-F31A225A042F}.DebugGame|Win64.Build.0 = Release|x64
		{D86EB3AC-237E-4B1B-B985-F31A225A042F}.Development Editor|HoloLens.ActiveCfg = Release|Win32
		{D86EB3AC-237E-4B1B-B985-F31A225A042F}.Development Editor|HoloLens.Build.0 = Release|Win32
		{D86EB3AC-237E-4B1B-B985-F31A225A042F}.Development Editor|Win32.ActiveCfg = Release|Win32
		{D86EB3AC-237E-4B1B-B985-F31A225A042F}.Development Editor|Win32.Build.0 = Release|Win32
		{D86EB3AC-237E-4B1B-B985-F31A225A042F}.Development Editor|Win64.ActiveCfg = Release|x64
		{D86EB3AC-237E-4B1B-B985-F31A225A042F}.Development Editor|Win64.Build.0 = Release|x64
		{D86EB3AC-237E-4B1B-B985-F31A225A042F}.Development|HoloLens.ActiveCfg = Release|Win32
		{D86EB3AC-237E-4B1B-B985-F31A225A042F}.Development|HoloLens.Build.0 = Release|Win32
		{D86EB3AC-237E-4B1B-B985-F31A225A042F}.Development|Win32.ActiveCfg = Release|Win32
		{D86EB3AC-237E-4B1B-B985-F31A225A042F}.Development|Win32.Build.0 = Release|Win32
		{D86EB3AC-237E-4B1B-B985-F31A225A042F}.Development|Win64.ActiveCfg = Release|x64
		{D86EB3AC-237E-4B1B-B985-F31A225A042F}.Development|Win64.Build.0 = Release|x64
		{D86EB3AC-237E-4B1B-B985-F31A225A042F}.Shipping|HoloLens.ActiveCfg = Release|Win32
		{D86EB3AC-237E-4B1B-B985-F31A225A042F}.Shipping|HoloLens.Build.0 = Release|Win32
		{D86EB3AC-237E-4B1B-B985-F31A225A042F}.Shipping|Win32.ActiveCfg = Release|Win32
		{D86EB3AC-237E-4B1B-B985-F31A225A042F}.Shipping|Win32.Build.0 = Release|Win32
		{D86EB3AC-237E-4B1B-B985-F31A225A042F}.Shipping|Win64.ActiveCfg = Release|x64
		{D86EB3AC-237E-4B1B-B985-F31A225A042F}.Shipping|Win64.Build.0 = Release|x64
		{C362F347-D4A4-4D3C-892A-25876EA1BB24}.DebugGame Editor|HoloLens.ActiveCfg = Release|Win32
		{C362F347-D4A4-4D3C-892A-25876EA1BB24}.DebugGame Editor|HoloLens.Build.0 = Release|Win32
		{C362F347-D4A4-4D3C-892A-25876EA1BB24}.DebugGame Editor|Win32.ActiveCfg = Release|Win32
		{C362F347-D4A4-4D3C-892A-25876EA1BB24}.DebugGame Editor|Win32.Build.0 = Release|Win32
		{C362F347-D4A4-4D3C-892A-25876EA1BB24}.DebugGame Editor|Win64.ActiveCfg = Release|x64
		{C362F347-D4A4-4D3C-892A-25876EA1BB24}.DebugGame Editor|Win64.Build.0 = Release|x64
		{C362F347-D4A4-4D3C-892A-25876EA1BB24}.DebugGame|HoloLens.ActiveCfg = Release|Win32
		{C362F347-D4A4-4D3C-892A-25876EA1BB24}.DebugGame|HoloLens.Build.0 = Release|Win32
		{C362F347-D4A4-4D3C-892A-25876EA1BB24}.DebugGame|Win32.ActiveCfg = Release|Win32
		{C362F347-D4A4-4D3C-892A-25876EA1BB24}.DebugGame|Win32.Build.0 = Release|Win32
		{C362F347-D4A4-4D3C-892A-25876EA1BB24}.DebugGame|Win64.ActiveCfg = Release|x64
		{C362F347-D4A4-4D3C-892A-25876EA1BB24}.DebugGame|Win64.Build.0 = Release|x64
		{C362F347-D4A4-4D3C-892A-25876EA1BB24}.Development Editor|HoloLens.ActiveCfg = Release|Win32
		{C362F347-D4A4-4D3C-892A-25876EA1BB24}.Development Editor|HoloLens.Build.0 = Release|Win32
		{C362F347-D4A4-4D3C-892A-25876EA1BB24}.Development Editor|Win32.ActiveCfg = Release|Win32
		{C362F347-D4A4-4D3C-892A-25876EA1BB24}.Development Editor|Win32.Build.0 = Release|Win32
		{C362F347-D4A4-4D3C-892A-25876EA1BB24}.Development Editor|Win64.ActiveCfg = Release|x64
		{C362F347-D4A4-4D3C-892A-25876EA1BB24}.Development Editor|Win64.Build.0 = Release|x64
		{C362F347-D4A4-4D3C-892A-25876EA1BB24}.Development|HoloLens.ActiveCfg = Release|Win32
		{C362F347-D4A4-4D3C-892A-25876EA1BB24}.Development|HoloLens.Build.0 = Release|Win32
		{C362F347-D4A4-4D3C-892A-25876EA1BB24}.Development|Win32.ActiveCfg = Release|Win32
		{C362F347-D4A4-4D3C-892A-25876EA1BB24}.Development|Win32.Build.0 = Release|Win32
		{C362F347-D4A4-4D3C-892A-25876EA1BB24}.Development|Win64.ActiveCfg = Release|x64
		{C362F347-D4A4-4D3C-892A-25876EA1BB24}.Development|Win64.Build.0 = Release|x64
		{C362F347-D4A4-4D3C-892A-25876EA1BB24}.Shipping|HoloLens.ActiveCfg = Release|Win32
		{C362F347-D4A4-4D3C-892A-25876EA1BB24}.Shipping|HoloLens.Build.0 = Release|Win32
		{C362F347-D4A4-4D3C-892A-25876EA1BB24}.Shipping|Win32.ActiveCfg = Release|Win32
		{C362F347-D4A4-4D3C-892A-25876EA1BB24}.Shipping|Win32.Build.0 = Release|Win32
		{C362F347-D4A4-4D3C-892A-25876EA1BB24}.Shipping|Win64.ActiveCfg = Release|x64
		{C362F347-D4A4-4D3C-892A-25876EA1BB24}.Shipping|Win64.Build.0 = Release|x64
		{2317EFE8-D649-46D0-A7FB-443606C644D6}.DebugGame Editor|HoloLens.ActiveCfg = Release|Win32
		{2317EFE8-D649-46D0-A7FB-443606C644D6}.DebugGame Editor|HoloLens.Build.0 = Release|Win32
		{2317EFE8-D649-46D0-A7FB-443606C644D6}.DebugGame Editor|Win32.ActiveCfg = Release|Win32
		{2317EFE8-D649-46D0-A7FB-443606C644D6}.DebugGame Editor|Win32.Build.0 = Release|Win32
		{2317EFE8-D649-46D0-A7FB-443606C644D6}.DebugGame Editor|Win64.ActiveCfg = Release|x64
		{2317EFE8-D649-46D0-A7FB-443606C644D6}.DebugGame Editor|Win64.Build.0 = Release|x64
		{2317EFE8-D649-46D0-A7FB-443606C644D6}.DebugGame|HoloLens.ActiveCfg = Release|Win32
		{2317EFE8-D649-46D0-A7FB-443606C644D6}.DebugGame|HoloLens.Build.0 = Release|Win32
		{2317EFE8-D649-46D0-A7FB-443606C644D6}.DebugGame|Win32.ActiveCfg = Release|Win32
		{2317EFE8-D649-46D0-A7FB-443606C644D6}.DebugGame|Win32.Build.0 = Release|Win32
		{2317EFE8-D649-46D0-A7FB-443606C644D6}.DebugGame|Win64.ActiveCfg = Release|x64
		{2317EFE8-D649-46D0-A7FB-443606C644D6}.DebugGame|Win64.Build.0 = Release|x64
		{2317EFE8-D649-46D0-A7FB-443606C644D6}.Development Editor|HoloLens.ActiveCfg = Release|Win32
		{2317EFE8-D649-46D0-A7FB-443606C644D6}.Development Editor|HoloLens.Build.0 = Release|Win32
		{2317EFE8-D649-46D0-A7FB-443606C644D6}.Development Editor|Win32.ActiveCfg = Release|Win32
		{2317EFE8-D649-46D0-A7FB-443606C644D6}.Development Editor|Win32.Build.0 = Release|Win32
		{2317EFE8-D649-46D0-A7FB-443606C644D6}.Development Editor|Win64.ActiveCfg = Release|x64
		{2317EFE8-D649-46D0-A7FB-443606C644D6}.Development Editor|Win64.Build.0 = Release|x64
		{2317EFE8-D649-46D0-A7FB-443606C644D6}.Development|HoloLens.ActiveCfg = Release|Win32
		{2317EFE8-D649-46D0-A7FB-443606C644D6}.Development|HoloLens.Build.0 = Release|Win32
		{2317EFE8-D649-46D0-A7FB-443606C644D6}.Development|Win32.ActiveCfg = Release|Win32
		{2317EFE8-D649-46D0-A7FB-443606C644D6}.Development|Win32.Build.0 = Release|Win32
		{2317EFE8-D649-46D0-A7FB-443606C644D6}.Development|Win64.ActiveCfg = Release|x64
		{2317EFE8-D649-46D0-A7FB-443606C644D6}.Development|Win64.Build.0 = Release|x64
		{2317EFE8-D649-46D0-A7FB-443606C644D6}.Shipping|HoloLens.ActiveCfg = Release|Win32
		{2317EFE8-D649-46D0-A7FB-443606C644D6}.Shipping|HoloLens.Build.0 = Release|Win32
		{2317EFE8-D649-46D0-A7FB-443606C644D6}.Shipping|Win32.ActiveCfg = Release|Win32
		{2317EFE8-D649-46D0-A7FB-443606C644D6}.Shipping|Win32.Build.0 = Release|Win32
		{2317EFE8-D649-46D0-A7FB-443606C644D6}.Shipping|Win64.ActiveCfg = Release|x64
		{2317EFE8-D649-46D0-A7FB-443606C644D6}.Shipping|Win64.Build.0 = Release|x64
	EndGlobalSection
	GlobalSection(SolutionProperties) = preSolution
		HideSolutionNode = FALSE
	EndGlobalSection
	GlobalSection(NestedProjects) = preSolution
		{C7F7314E-8451-3B01-9215-C0D2BEF728FD} = {233774A8-CC9D-3FA9-86D1-90573E92B704}
		{4C7F1C8F-B64C-31C8-9AB0-A401C64EA4DE} = {DE1F8B53-6C02-3C13-9101-A7C8D96F3FF6}
		{6C9C9930-8C63-30CA-ADB7-A2553F28F88E} = {A338B9E2-A559-34BE-A46D-F789DD488FAD}
		{F49175E2-2DA9-3BE4-A294-09036B14C939} = {A338B9E2-A559-34BE-A46D-F789DD488FAD}
		{0BFBE63A-B98A-3411-8EEB-8918FEC737B3} = {A338B9E2-A559-34BE-A46D-F789DD488FAD}
		{7B5CFB44-F0FB-31DF-AE62-C3C096A29A7B} = {A338B9E2-A559-34BE-A46D-F789DD488FAD}
		{57713676-9DBE-331C-AD10-26632AC9EE0C} = {A338B9E2-A559-34BE-A46D-F789DD488FAD}
		{D2167E7B-46D0-3A3A-89CF-470B3451A78A} = {0BFBE63A-B98A-3411-8EEB-8918FEC737B3}
		{E5FE7564-05F7-3FE7-BC28-5486A85DAB8D} = {0BFBE63A-B98A-3411-8EEB-8918FEC737B3}
		{3CD7AE0B-FF43-33AC-A4BC-402411DC164E} = {0BFBE63A-B98A-3411-8EEB-8918FEC737B3}
		{316F42BE-0F93-3D4B-AB99-91E88794162E} = {0BFBE63A-B98A-3411-8EEB-8918FEC737B3}
		{8CD50A20-606B-3BA4-BB02-3B5F1E6854C1} = {0BFBE63A-B98A-3411-8EEB-8918FEC737B3}
		{50F0ECF8-C34A-3216-AED5-ED96F1B9A94F} = {0BFBE63A-B98A-3411-8EEB-8918FEC737B3}
		{EC29A6EE-F53E-3C25-AA72-6DC68B239812} = {0BFBE63A-B98A-3411-8EEB-8918FEC737B3}
		{DE7B096C-EE59-3A48-890F-21B0AFE2F12E} = {0BFBE63A-B98A-3411-8EEB-8918FEC737B3}
		{C8304DD6-E8ED-3E5B-B874-B28BC8EA3017} = {0BFBE63A-B98A-3411-8EEB-8918FEC737B3}
		{312D365B-8A3B-3D7C-9137-4A2EEC5EC7B4} = {0BFBE63A-B98A-3411-8EEB-8918FEC737B3}
		{19A6F546-831D-3618-A0C5-822922D74585} = {0BFBE63A-B98A-3411-8EEB-8918FEC737B3}
		{4240FC32-BBE5-3027-8A30-39191BAB8309} = {0BFBE63A-B98A-3411-8EEB-8918FEC737B3}
		{72062771-41F8-3F5F-8805-91B06586EBCC} = {0BFBE63A-B98A-3411-8EEB-8918FEC737B3}
		{565311A3-D8A0-321C-8489-0A2AE7BD9577} = {0BFBE63A-B98A-3411-8EEB-8918FEC737B3}
		{2E275607-06C3-3569-AD26-0D9FC55BAAA6} = {0BFBE63A-B98A-3411-8EEB-8918FEC737B3}
		{498B04F4-C8F4-3EE4-B3EB-718A0143FF48} = {0BFBE63A-B98A-3411-8EEB-8918FEC737B3}
		{54918CF2-59EA-36A1-AAB0-5B2A9E6FEBFB} = {0BFBE63A-B98A-3411-8EEB-8918FEC737B3}
		{7FD1A848-BCD5-36D6-9688-5868C4259B14} = {0BFBE63A-B98A-3411-8EEB-8918FEC737B3}
		{CA2C8351-F6BF-3EBA-A039-AAED7DEDA9FD} = {0BFBE63A-B98A-3411-8EEB-8918FEC737B3}
		{F05598E3-9C2A-32B9-8784-915F4CB0B5CC} = {0BFBE63A-B98A-3411-8EEB-8918FEC737B3}
		{CAFDB777-17F8-3494-8523-36BB46C4FE75} = {7B5CFB44-F0FB-31DF-AE62-C3C096A29A7B}
		{A24CA0A6-B8F5-3745-8665-CBD7EEA21A01} = {57713676-9DBE-331C-AD10-26632AC9EE0C}
		{EC1EBF9F-24AD-371D-A800-CAEB3CC0DE5A} = {57713676-9DBE-331C-AD10-26632AC9EE0C}
		{0A0CC236-D8D4-3C31-BF54-60E60EDF79C2} = {57713676-9DBE-331C-AD10-26632AC9EE0C}
		{AEACF8E5-CBB0-33D4-A266-A82E117B5AD4} = {57713676-9DBE-331C-AD10-26632AC9EE0C}
		{BE0D3AE6-1E07-3106-B64C-22300B256C7A} = {57713676-9DBE-331C-AD10-26632AC9EE0C}
		{B353C915-B513-3170-81CE-08D25922A91D} = {57713676-9DBE-331C-AD10-26632AC9EE0C}
		{1AC18172-7457-3D4A-9A77-C668801FE731} = {57713676-9DBE-331C-AD10-26632AC9EE0C}
		{EFE3BB6F-5EA1-3B0D-952E-031CDE667F21} = {57713676-9DBE-331C-AD10-26632AC9EE0C}
		{A960168A-1696-3FC1-A930-37414DD9BECD} = {57713676-9DBE-331C-AD10-26632AC9EE0C}
		{912E56C6-4718-39EF-96A1-7902A43F0943} = {57713676-9DBE-331C-AD10-26632AC9EE0C}
		{7616FEFF-087D-3B1A-9C07-A85FBD3D5C14} = {57713676-9DBE-331C-AD10-26632AC9EE0C}
		{F9CB3680-E05C-3C02-B3AD-0EFF149C136A} = {57713676-9DBE-331C-AD10-26632AC9EE0C}
		{B1880990-EB5E-31DB-AF77-B386BC2A1E71} = {57713676-9DBE-331C-AD10-26632AC9EE0C}
		{174659F4-2EDA-3080-AC31-780913F5254C} = {57713676-9DBE-331C-AD10-26632AC9EE0C}
		{E0FBAC38-D3C8-378E-8EC7-9DA4011A14EF} = {57713676-9DBE-331C-AD10-26632AC9EE0C}
		{D2D96F92-AA57-3BFF-949E-64A8CB4EFA9A} = {57713676-9DBE-331C-AD10-26632AC9EE0C}
		{E0B4CA6B-E29B-39F0-8E6A-2E55C3FE19B4} = {57713676-9DBE-331C-AD10-26632AC9EE0C}
		{D00A06B6-50A5-394F-B949-6D19683365AA} = {57713676-9DBE-331C-AD10-26632AC9EE0C}
		{E2AD51CC-FAB1-3EF9-AB63-A392FB9CD375} = {57713676-9DBE-331C-AD10-26632AC9EE0C}
		{F575D5C7-3C97-35EC-AD4F-48E9099D88C5} = {57713676-9DBE-331C-AD10-26632AC9EE0C}
		{E903BE84-EEC1-326D-96BF-7ECF56378F46} = {C2F57ECE-B26F-39D8-BDA7-C1D40BD8F180}
		{58139722-80A2-380F-AB58-6B1FDFBA58E7} = {C2F57ECE-B26F-39D8-BDA7-C1D40BD8F180}
		{7AA8F116-372E-30F7-84EB-7BF9B28099AC} = {C2F57ECE-B26F-39D8-BDA7-C1D40BD8F180}
		{D86EB3AC-237E-4B1B-B985-F31A225A042F} = {DE1F8B53-6C02-3C13-9101-A7C8D96F3FF6}
		{C362F347-D4A4-4D3C-892A-25876EA1BB24} = {DE1F8B53-6C02-3C13-9101-A7C8D96F3FF6}
		{2317EFE8-D649-46D0-A7FB-443606C644D6} = {DE1F8B53-6C02-3C13-9101-A7C8D96F3FF6}
	EndGlobalSection
EndGlobal
