<?xml version="1.0" encoding="utf-8"?>
<Project ToolsVersion="4.0" xmlns="http://schemas.microsoft.com/developer/msbuild/2003">
  <ItemGroup>
    <Filter Include="Resource Files">
      <UniqueIdentifier>{67DA6AB6-F800-4c08-8B7A-83BB121AAD01}</UniqueIdentifier>
      <Extensions>rc;ico;cur;bmp;dlg;rc2;rct;bin;rgs;gif;jpg;jpeg;jpe;resx;tiff;tif;png;wav;mfcribbon-ms</Extensions>
    </Filter>
    <Filter Include="头文件">
      <UniqueIdentifier>{1bd16e7a-7591-4b37-b759-e63d162ccd06}</UniqueIdentifier>
    </Filter>
    <Filter Include="源文件">
      <UniqueIdentifier>{b411028d-8493-4dc2-a6b5-83dabd0fdfc8}</UniqueIdentifier>
    </Filter>
  </ItemGroup>
  <ItemGroup>
    <ClCompile Include="PxcUtilRT.cpp" />
    <ClCompile Include="pch.cpp" />
    <ClCompile Include="CSVOperator.cpp">
      <Filter>源文件</Filter>
    </ClCompile>
    <ClCompile Include="CSVTableOperator.cpp">
      <Filter>源文件</Filter>
    </ClCompile>
    <ClCompile Include="StringTools.cpp">
      <Filter>源文件</Filter>
    </ClCompile>
    <ClCompile Include="FileManage.cpp">
      <Filter>源文件</Filter>
    </ClCompile>
    <ClCompile Include="IniFile.cpp">
      <Filter>源文件</Filter>
    </ClCompile>
    <ClCompile Include="DateTime.cpp">
      <Filter>源文件</Filter>
    </ClCompile>
  </ItemGroup>
  <ItemGroup>
    <ClInclude Include="PxcUtilRT.h" />
    <ClInclude Include="pch.h" />
    <ClInclude Include="targetver.h" />
    <ClInclude Include="CSVOperator.h">
      <Filter>头文件</Filter>
    </ClInclude>
    <ClInclude Include="CSVTableOperator.h">
      <Filter>头文件</Filter>
    </ClInclude>
    <ClInclude Include="StringParser.h">
      <Filter>头文件</Filter>
    </ClInclude>
    <ClInclude Include="StringTools.h">
      <Filter>头文件</Filter>
    </ClInclude>
    <ClInclude Include="FileManage.h">
      <Filter>头文件</Filter>
    </ClInclude>
    <ClInclude Include="IniFile.h">
      <Filter>头文件</Filter>
    </ClInclude>
    <ClInclude Include="Singleton.h">
      <Filter>头文件</Filter>
    </ClInclude>
    <ClInclude Include="Scattered.h">
      <Filter>头文件</Filter>
    </ClInclude>
    <ClInclude Include="DateTime.h">
      <Filter>头文件</Filter>
    </ClInclude>
  </ItemGroup>
</Project>